{
  "name": "total.js-3.4.8",
  "lockfileVersion": 3,
  "requires": true,
  "packages": {
    "": {
      "dependencies": {
        "total.js": "3.4.8"
      }
    },
    "node_modules/total.js": {
      "version": "3.4.8",
      "resolved": "https://registry.npmjs.org/total.js/-/total.js-3.4.8.tgz",
      "integrity": "sha512-xWBildwUgYpybZ6KjW7yOTl2bRQ6mcjEOyYm0UuFfp48gFTz9hsAREIyYdesb45L4HC1VVH1BDc7AsOlOV0GvQ==",
      "license": "MIT",
      "bin": {
        "total": "bin/totaljs",
        "total.js": "bin/totaljs",
        "totaljs": "bin/totaljs",
        "totalpackage": "bin/tpm",
        "tpm": "bin/tpm"
      },
      "engines": {
        "node": ">=8.0.0"
      }
    }
  }
}
