{
  "name": "pomelo-monitor-0.3.7",
  "lockfileVersion": 3,
  "requires": true,
  "packages": {
    "": {
      "dependencies": {
        "pomelo-monitor": "0.3.7"
      }
    },
    "node_modules/pomelo-monitor": {
      "version": "0.3.7",
      "resolved": "https://registry.npmjs.org/pomelo-monitor/-/pomelo-monitor-0.3.7.tgz",
      "integrity": "sha512-4u6WSeXyw/mOGZi/t/8wd3Lw9MkS8588wdS2tupSLoUPKY+uEX1Hf6266kxOAomk3JmjlVug1LjwRFaXGj/o0g==",
      "engines": {
        "node": "*"
      }
    }
  }
}
