{
  "name": "versionn-1.0.6",
  "lockfileVersion": 3,
  "requires": true,
  "packages": {
    "": {
      "dependencies": {
        "versionn": "1.0.6"
      }
    },
    "node_modules/asyncc": {
      "version": "2.0.9",
      "resolved": "https://registry.npmjs.org/asyncc/-/asyncc-2.0.9.tgz",
      "integrity": "sha512-nTQfwHtnL+MSqPaUJhV22GWP3jThj0GnS4Nw1uJyBus6EQ40hQFnbBGUvWxC5P3m+1neSqH1p8asMXg/ypmsQw==",
      "license": "MIT",
      "engines": {
        "node": ">=6.0.0"
      }
    },
    "node_modules/semver": {
      "version": "7.8.0",
      "resolved": "https://registry.npmjs.org/semver/-/semver-7.8.0.tgz",
      "integrity": "sha512-AcM7dV/5ul4EekoQ29Agm5vri8JNqRyj39o0qpX6vDF2GZrtutZl5RwgD1XnZjiTAfncsJhMI48QQH3sN87YNA==",
      "license": "ISC",
      "bin": {
        "semver": "bin/semver.js"
      },
      "engines": {
        "node": ">=10"
      }
    },
    "node_modules/versionn": {
      "version": "1.0.6",
      "resolved": "https://registry.npmjs.org/versionn/-/versionn-1.0.6.tgz",
      "integrity": "sha512-l18429G+iSzO196HSEO/ZerbUfXiMeXSviIdd8JHWZ20v+bBMW/mIl79jHT4A+f669JzgV/ldf15fVT09zSSAA==",
      "deprecated": "critical vulnerability fixed in v1.1.0",
      "license": "MIT",
      "dependencies": {
        "asyncc": "^2.0.4",
        "semver": "^7.1.1"
      },
      "bin": {
        "versionn": "bin/versionn.js"
      }
    }
  }
}
