{
  "name": "global-modules-path-2.3.1",
  "lockfileVersion": 3,
  "requires": true,
  "packages": {
    "": {
      "dependencies": {
        "global-modules-path": "2.3.1"
      }
    },
    "node_modules/global-modules-path": {
      "version": "2.3.1",
      "resolved": "https://registry.npmjs.org/global-modules-path/-/global-modules-path-2.3.1.tgz",
      "integrity": "sha512-y+shkf4InI7mPRHSo2b/k6ix6+NLDtyccYv86whhxrSGX9wjPX1VMITmrDbE1eh7zkzhiWtW2sHklJYoQ62Cxg==",
      "license": "Apache-2.0"
    }
  }
}
