{
	"name": "scp-0.0.3",
	"lockfileVersion": 3,
	"requires": true,
	"packages": {
		"": {
			"dependencies": {
				"scp": "0.0.3"
			}
		},
		"node_modules/scp": {
			"version": "0.0.3",
			"resolved": "https://registry.npmjs.org/scp/-/scp-0.0.3.tgz",
			"integrity": "sha512-hNO6qcciLt7QONBWpVaeNZkCv7z+39ocbSVeyyQnLLR3+afS6JffXP44S4rKzI5kpNZzvyfHOBHPYCtE+Lo+lA==",
			"engines": {
				"node": "*"
			}
		}
	}
}
