{
  "name": "freespace-1.0.4",
  "lockfileVersion": 3,
  "requires": true,
  "packages": {
    "": {
      "dependencies": {
        "freespace": "1.0.4"
      }
    },
    "node_modules/freespace": {
      "version": "1.0.4",
      "resolved": "https://registry.npmjs.org/freespace/-/freespace-1.0.4.tgz",
      "integrity": "sha512-d0jqpcYGDa6O6Bd4STyD3sWVR+mmxUF7z7nrTXsRXtj0AsfsNIYQAIjzOUk/V+jrvIrtPcw3h3Y7TisPBg1vOA==",
      "license": "Apache-2.0"
    }
  }
}
