{
	"name": "curling-0.2.0",
	"lockfileVersion": 3,
	"requires": true,
	"packages": {
		"": {
			"dependencies": {
				"curling": "0.2.0"
			}
		},
		"node_modules/curling": {
			"version": "0.2.0",
			"resolved": "https://registry.npmjs.org/curling/-/curling-0.2.0.tgz",
			"integrity": "sha512-kLO+AGXPFM66nxVe+scSUsb4eauq3l7wI3waX4W+dpY0FYDqthagJrzDsIjZFEqEnDAa1/yWjKkgLHBq3tel/A==",
			"license": "MIT"
		}
	}
}
