{
	"name": "veval-1.0.0",
	"lockfileVersion": 3,
	"requires": true,
	"packages": {
		"": {
			"dependencies": {
				"veval": "1.0.0"
			}
		},
		"node_modules/veval": {
			"version": "1.0.0",
			"resolved": "https://registry.npmjs.org/veval/-/veval-1.0.0.tgz",
			"integrity": "sha512-+dBcjij89S/DdHaIJEARMiFi2wHj8D3lnPbez/fcU+m63gaELeg1noYiBIn1bjrqVmtph84HALoxzdninKmHHw==",
			"license": "GPL-3.0"
		}
	}
}
