{
  "name": "json-10.0.0",
  "lockfileVersion": 3,
  "requires": true,
  "packages": {
    "": {
      "dependencies": {
        "json": "< 10.0.0"
      }
    },
    "node_modules/json": {
      "version": "9.0.6",
      "resolved": "https://registry.npmjs.org/json/-/json-9.0.6.tgz",
      "integrity": "sha512-Nx+4WwMM1xadgqjjteOVEyjoIVq7fGH1hAlRDoxoq2tFzYsBYZDIKwYbyxolkTYwxsSOgAZD2ACLkeGjhFW2Jw==",
      "bin": {
        "json": "lib/json.js"
      },
      "engines": {
        "node": ">=0.10.0"
      }
    }
  }
}
