{
  "name": "systeminformation-4.34.23",
  "lockfileVersion": 3,
  "requires": true,
  "packages": {
    "": {
      "dependencies": {
        "systeminformation": "4.34.23"
      }
    },
    "node_modules/systeminformation": {
      "version": "4.34.23",
      "resolved": "https://registry.npmjs.org/systeminformation/-/systeminformation-4.34.23.tgz",
      "integrity": "sha512-33+lQwlLxXoxy0o9WLOgw8OjbXeS3Jv+pSl+nxKc2AOClBI28HsdRPpH0u9Xa9OVjHLT9vonnOMw1ug7YXI0dA==",
      "license": "MIT",
      "os": [
        "darwin",
        "linux",
        "win32",
        "freebsd",
        "openbsd",
        "netbsd",
        "sunos"
      ],
      "bin": {
        "systeminformation": "lib/cli.js"
      },
      "engines": {
        "node": ">=4.0.0"
      },
      "funding": {
        "type": "Buy me a coffee",
        "url": "https://www.buymeacoffee.com/systeminfo"
      }
    }
  }
}
