{
	"name": "extra-asciinema-1.0.0",
	"lockfileVersion": 3,
	"requires": true,
	"packages": {
		"": {
			"dependencies": {
				"extra-asciinema": "1.0.0"
			}
		},
		"node_modules/extra-asciinema": {
			"version": "1.0.0",
			"resolved": "https://registry.npmjs.org/extra-asciinema/-/extra-asciinema-1.0.0.tgz",
			"integrity": "sha512-DdPH7D7n1jQ/INWwg61TUibNTtFHtPvh5he7S4IrHDvQ09f3Jt58ZBbc/Se2+rlcnStTkiHNOjdp6DpmtDSRNw==",
			"license": "MIT"
		}
	}
}
