{
	"name": "mosc-1.0.0",
	"lockfileVersion": 3,
	"requires": true,
	"packages": {
		"": {
			"dependencies": {
				"mosc": "1.0.0"
			}
		},
		"node_modules/mosc": {
			"version": "1.0.0",
			"resolved": "https://registry.npmjs.org/mosc/-/mosc-1.0.0.tgz",
			"integrity": "sha512-TU/EJbvYy4ICjJSaVxHPKy6KT7IrqzP+xDFLK67+eZCgt/0z4ZcSnpiPJzDXK1jpuwa+LMqsItJluzDPLJ9e/w==",
			"license": "ISC"
		}
	}
}
