{
  "name": "pidusage-1.1.4",
  "lockfileVersion": 3,
  "requires": true,
  "packages": {
    "": {
      "dependencies": {
        "pidusage": "1.1.4"
      }
    },
    "node_modules/pidusage": {
      "version": "1.1.4",
      "resolved": "https://registry.npmjs.org/pidusage/-/pidusage-1.1.4.tgz",
      "integrity": "sha512-MyB5LHIGb+WGkoEfJnF8IPvVgI7Qru12ORYqu5cdckbWZyyoYzfUPdNqpy3sHfj2XvaMC+8n3xYhl8LCK0riNw==",
      "license": "MIT"
    }
  }
}
