{
  "name": "pg-3.6.4",
  "lockfileVersion": 3,
  "requires": true,
  "packages": {
    "": {
      "dependencies": {
        "pg": "< 3.6.4"
      }
    },
    "node_modules/bindings": {
      "version": "1.2.1",
      "resolved": "https://registry.npmjs.org/bindings/-/bindings-1.2.1.tgz",
      "integrity": "sha512-u4cBQNepWxYA55FunZSM7wMi55yQaN0otnhhilNoWHq0MfOfJeQx0v0mRRpolGOExPjZcl6FtB0BB8Xkb88F0g==",
      "license": "MIT"
    },
    "node_modules/buffer-writer": {
      "version": "1.0.0",
      "resolved": "https://registry.npmjs.org/buffer-writer/-/buffer-writer-1.0.0.tgz",
      "integrity": "sha512-EwqHsY9HX59gLKIDAnnsa8G9FFdD7OlTZ6kVj0BXM1WSguvxH4g2FQPaWHtfT6EFWff5ISMr4fH1cZHvne/xWA==",
      "license": "MIT"
    },
    "node_modules/generic-pool": {
      "version": "2.1.1",
      "resolved": "https://registry.npmjs.org/generic-pool/-/generic-pool-2.1.1.tgz",
      "integrity": "sha512-rmJ5g3xQ/FEpzrBqVtRPMTg9pY9MPTKHWrkaCEBEogw+Qjmq29adBgUlLzYtb9kj/JCwPdRd8VP7KuQ+W3JovQ==",
      "license": "MIT",
      "engines": {
        "node": ">= 0.2.0"
      }
    },
    "node_modules/nan": {
      "version": "1.3.0",
      "resolved": "https://registry.npmjs.org/nan/-/nan-1.3.0.tgz",
      "integrity": "sha512-2xPpifjI6OzUZtboDKhRlk9u98eV395Twdp0i0GnwP9PLGpphm4R7Q0wIZXmgmu31ukqUJCg1uXlD44fph/sKg==",
      "license": "MIT"
    },
    "node_modules/packet-reader": {
      "version": "0.2.0",
      "resolved": "https://registry.npmjs.org/packet-reader/-/packet-reader-0.2.0.tgz",
      "integrity": "sha512-3GnoJ2cKeSgikX3llywfuefjtkokRfzySXO2H3bDwVguclnpkvjYcBsQNfCcUpwUKRK+4IhhCD18/rLMVOH+aQ==",
      "license": "MIT"
    },
    "node_modules/pg": {
      "version": "3.6.3",
      "resolved": "https://registry.npmjs.org/pg/-/pg-3.6.3.tgz",
      "integrity": "sha512-XL9JqDnsKYrOygi1GAhNeV3pXh8xxwCMLDb4APuqVnanpy6AcCON9D0XB1SF3oqGj/4J7SUTn9G8YDd2KKpuig==",
      "hasInstallScript": true,
      "dependencies": {
        "bindings": "1.2.1",
        "buffer-writer": "1.0.0",
        "generic-pool": "2.1.1",
        "nan": "1.3.0",
        "packet-reader": "0.2.0",
        "pg-connection-string": "0.1.3",
        "pg-types": "1.6.0",
        "pgpass": "0.0.3"
      },
      "engines": {
        "node": ">= 0.8.0"
      }
    },
    "node_modules/pg-connection-string": {
      "version": "0.1.3",
      "resolved": "https://registry.npmjs.org/pg-connection-string/-/pg-connection-string-0.1.3.tgz",
      "integrity": "sha512-i0NV/CrSkFTaiOQs9AGy3tq0dkSjtTd4d7DfsjeDVZAA4aIHInwfFEmriNYGGJUfZ5x6IAC/QddoUpUJjQAi0w==",
      "license": "MIT"
    },
    "node_modules/pg-types": {
      "version": "1.6.0",
      "resolved": "https://registry.npmjs.org/pg-types/-/pg-types-1.6.0.tgz",
      "integrity": "sha512-oWZTplpRAP8TdBudu5bepWxabwNjufdo5r+eHBRHE8kVjakDiXTU8t2pxPO4pcYHrBo2V5WQ6AGBD2NbY3AKIg==",
      "license": "MIT"
    },
    "node_modules/pgpass": {
      "version": "0.0.3",
      "resolved": "https://registry.npmjs.org/pgpass/-/pgpass-0.0.3.tgz",
      "integrity": "sha512-vpofpV3oINNktrj0tSskXXvBsOJErO4bk8JYqOQBQ8LzAszJiaNDihidDgDITClZQS6Be9dRROQJoRNMMCELxQ==",
      "license": "BSD-2-Clause",
      "dependencies": {
        "split": "~0.3"
      }
    },
    "node_modules/split": {
      "version": "0.3.3",
      "resolved": "https://registry.npmjs.org/split/-/split-0.3.3.tgz",
      "integrity": "sha512-wD2AeVmxXRBoX44wAycgjVpMhvbwdI2aZjCkvfNcH1YqHQvJVa1duWc73OyVGJUc05fhFaTZeQ/PYsrmyH0JVA==",
      "license": "MIT",
      "dependencies": {
        "through": "2"
      },
      "engines": {
        "node": "*"
      }
    },
    "node_modules/through": {
      "version": "2.3.8",
      "resolved": "https://registry.npmjs.org/through/-/through-2.3.8.tgz",
      "integrity": "sha512-w89qg7PI8wAdvX60bMDP+bFoD5Dvhm9oLheFp5O4a2QF0cSBGsBX4qZmadPMvVqlLJBBci+WqGGOAPvcDeNSVg==",
      "license": "MIT"
    }
  }
}
