{
  "name": "realms-shim-1.1.0",
  "lockfileVersion": 3,
  "requires": true,
  "packages": {
    "": {
      "dependencies": {
        "realms-shim": "1.1.0"
      }
    },
    "node_modules/realms-shim": {
      "version": "1.1.0",
      "resolved": "https://registry.npmjs.org/realms-shim/-/realms-shim-1.1.0.tgz",
      "integrity": "sha512-7fXmHSYnUM+Wix0yM0TwoMa4WWHSaRXyYaKqfoYl8BNokUoKaKD9tiKdBHkMlF7grd3G5A/XYuv3+XPvWW6adA==",
      "deprecated": "TC39 has taken Realms in a new direction (ShadowRealm) and the security properties of the realms-shim have not been maintained.",
      "license": "Apache-2.0"
    }
  }
}
