{
	"name": "mixin-pro-0.6.0",
	"lockfileVersion": 3,
	"requires": true,
	"packages": {
		"": {
			"dependencies": {
				"mixin-pro": "0.6.0"
			}
		},
		"node_modules/mixin-pro": {
			"version": "0.6.0",
			"resolved": "https://registry.npmjs.org/mixin-pro/-/mixin-pro-0.6.0.tgz",
			"integrity": "sha512-zJZdQ3GJ12no+14Utse7G+nn1Cq4XM+YUEWV4VYiJh7q+by/HPE+Sd7btjRR/Cw+DqurUCH8a4UV92GPIM990A==",
			"license": "MIT",
			"engines": {
				"node": ">= 0.4.0"
			}
		}
	}
}
