{
    "name": "killing-1.0.6",
    "lockfileVersion": 3,
    "requires": true,
    "packages": {
        "": {
            "dependencies": {
                "killing": "1.0.6"
            }
        },
        "node_modules/commander": {
            "version": "2.8.1",
            "resolved": "https://registry.npmjs.org/commander/-/commander-2.8.1.tgz",
            "integrity": "sha512-+pJLBFVk+9ZZdlAOB5WuIElVPPth47hILFkmGym57aq8kwxsowvByvB0DHs1vQAhyMZzdcpTtF0VDKGkSDR4ZQ==",
            "license": "MIT",
            "dependencies": {
                "graceful-readlink": ">= 1.0.0"
            },
            "engines": {
                "node": ">= 0.6.x"
            }
        },
        "node_modules/graceful-readlink": {
            "version": "1.0.1",
            "resolved": "https://registry.npmjs.org/graceful-readlink/-/graceful-readlink-1.0.1.tgz",
            "integrity": "sha512-8tLu60LgxF6XpdbK8OW3FA+IfTNBn1ZHGHKF4KQbEeSkajYw5PlYJcKluntgegDPTg8UkHjpet1T82vk6TQ68w==",
            "license": "MIT"
        },
        "node_modules/killing": {
            "version": "1.0.6",
            "resolved": "https://registry.npmjs.org/killing/-/killing-1.0.6.tgz",
            "integrity": "sha512-i8lwGmOyBX0OBxnM0Gt1DAQJwx+9eku19Hb7Y8Mj8+IunmnZW1t+fWlenSx0rW3tCkMbaAAwCCppG8tocufdDQ==",
            "license": "MIT",
            "dependencies": {
                "commander": "~2.8.1"
            },
            "bin": {
                "killing": "bin/killing"
            }
        }
    }
}
