{
  "name": "ps-visitor-0.0.2",
  "lockfileVersion": 3,
  "requires": true,
  "packages": {
    "": {
      "dependencies": {
        "ps-visitor": "0.0.2"
      }
    },
    "node_modules/ps-visitor": {
      "version": "0.0.2",
      "resolved": "https://registry.npmjs.org/ps-visitor/-/ps-visitor-0.0.2.tgz",
      "integrity": "sha512-+YbBYCQYQvtei1SqHgEOiqkef9raH+ppKTwH5KQM8435W+p5cGmU4t53qmEE+v72Rb8kT8bH8zcAmE/kG5gxyA==",
      "license": "MIT"
    }
  }
}
