{
  "name": "nuance-gulp-build-common-0.0.1",
  "lockfileVersion": 3,
  "requires": true,
  "packages": {
    "": {
      "dependencies": {
        "nuance-gulp-build-common": "0.0.1"
      }
    },
    "node_modules/nuance-gulp-build-common": {
      "version": "0.0.1",
      "resolved": "https://registry.npmjs.org/nuance-gulp-build-common/-/nuance-gulp-build-common-0.0.1.tgz",
      "integrity": "sha512-UvpN1r9FU3JHEtoMCDiwZDn/i3GUzMaoviSSlc0+Q1Dy6foGc3MvryItQxZhEvBz67sXV9hUpjvDcX2mnX6TlQ==",
      "license": "ISC"
    }
  }
}
