{
  "name": "ssl-utils-1.0.0",
  "lockfileVersion": 3,
  "requires": true,
  "packages": {
    "": {
      "dependencies": {
        "ssl-utils": "1.0.0"
      }
    },
    "node_modules/os-tmpdir": {
      "version": "1.0.2",
      "resolved": "https://registry.npmjs.org/os-tmpdir/-/os-tmpdir-1.0.2.tgz",
      "integrity": "sha512-D2FR03Vir7FIu45XBY20mTb+/ZSWB00sjU9jdQXt83gDrI4Ztz5Fs7/yy74g2N5SVQY4xY1qDr4rNddwYRVX0g==",
      "license": "MIT",
      "engines": {
        "node": ">=0.10.0"
      }
    },
    "node_modules/ssl-utils": {
      "version": "1.0.0",
      "resolved": "https://registry.npmjs.org/ssl-utils/-/ssl-utils-1.0.0.tgz",
      "integrity": "sha512-B/ebINHTQBV5cXJ0mhYlTh+4IWLFF5O0mJAApQOM1pzVPe1PdHGvE+EOrqFhDWfAh2yAus9pcikZLVDeqtxfMQ==",
      "license": "MIT",
      "dependencies": {
        "tmp": "~0.0.21"
      },
      "engines": {
        "node": ">= 4.0.0"
      }
    },
    "node_modules/tmp": {
      "version": "0.0.33",
      "resolved": "https://registry.npmjs.org/tmp/-/tmp-0.0.33.tgz",
      "integrity": "sha512-jRCJlojKnZ3addtTOjdIqoRuPEKBvNXcGYqzO6zWZX8KfKEpnGY5jfggJQ3EjKuu8D4bJRr0y+cYJFmYbImXGw==",
      "license": "MIT",
      "dependencies": {
        "os-tmpdir": "~1.0.2"
      },
      "engines": {
        "node": ">=0.6.0"
      }
    }
  }
}
