{
  "name": "enpeem-2.2.0",
  "lockfileVersion": 3,
  "requires": true,
  "packages": {
    "": {
      "dependencies": {
        "enpeem": "2.2.0"
      }
    },
    "node_modules/enpeem": {
      "version": "2.2.0",
      "resolved": "https://registry.npmjs.org/enpeem/-/enpeem-2.2.0.tgz",
      "integrity": "sha512-zvlmU4pFAFfRGlEAg/qbJ+yoTyWl2ifkQuh3OTx2G6J23mpfnUQg9Z547GnyG5RQesXEKMSZEvrH4YQK2XO6yA==",
      "license": "MIT",
      "dependencies": {
        "stream-reduce": "1.0.3"
      }
    },
    "node_modules/stream-reduce": {
      "version": "1.0.3",
      "resolved": "https://registry.npmjs.org/stream-reduce/-/stream-reduce-1.0.3.tgz",
      "integrity": "sha512-2F9zNsWq1UzP4X091Mazl40P0WgnXmk6zRgkzH0HFpEV8ZWNfZP39pF09s6Ecm9Y5JfRhJHooKnxy0zURulxRg==",
      "license": "Public Domain",
      "dependencies": {
        "through": "~2.3.4"
      }
    },
    "node_modules/through": {
      "version": "2.3.8",
      "resolved": "https://registry.npmjs.org/through/-/through-2.3.8.tgz",
      "integrity": "sha512-w89qg7PI8wAdvX60bMDP+bFoD5Dvhm9oLheFp5O4a2QF0cSBGsBX4qZmadPMvVqlLJBBci+WqGGOAPvcDeNSVg==",
      "license": "MIT"
    }
  }
}
