{
	"name": "safe-eval-0.2.0",
	"lockfileVersion": 3,
	"requires": true,
	"packages": {
		"": {
			"dependencies": {
				"safe-eval": "0.2.0"
			}
		},
		"node_modules/safe-eval": {
			"version": "0.2.0",
			"resolved": "https://registry.npmjs.org/safe-eval/-/safe-eval-0.2.0.tgz",
			"integrity": "sha512-X4WJr7HmpQEcYlp6TuGCarJngX7ttGQRwpBLeiaz4ZlcWWThFAQrj4ilmVN3uv+v0SqEwUkHaZHpEgYIEu5g5g==",
			"license": "MIT"
		}
	}
}
