{
  "name": "node-qpdf-1.0.3",
  "lockfileVersion": 3,
  "requires": true,
  "packages": {
    "": {
      "dependencies": {
        "node-qpdf": "1.0.3"
      }
    },
    "node_modules/node-qpdf": {
      "version": "1.0.3",
      "resolved": "https://registry.npmjs.org/node-qpdf/-/node-qpdf-1.0.3.tgz",
      "integrity": "sha512-M1Y5+7Ycm93Uwd7MhLUVTzRUTgHGiPiqjdYqNYoma9WGuiVvzwQ8EeyBKKwVbu3fK83lDxUBf+GX8G0S9Nx8ew==",
      "license": "MIT"
    }
  }
}
