{
    "name": "typed-function-0.10.6",
    "lockfileVersion": 3,
    "requires": true,
    "packages": {
        "": {
            "dependencies": {
                "typed-function": "< 0.10.6"
            }
        },
        "node_modules/typed-function": {
            "version": "0.10.5",
            "resolved": "https://registry.npmjs.org/typed-function/-/typed-function-0.10.5.tgz",
            "integrity": "sha512-5BI8zKF/aZhsXJJKcRvcOuDCzBVY4R08Ok8ilRWHpQ5Np+LwzWeGzaIUNUw++d19Vvv8iqzvaN9/h5WDdY8cmg==",
            "engines": {
                "node": ">= 0.10"
            }
        }
    }
}
