{
	"name": "command-exists-1.2.2",
	"lockfileVersion": 3,
	"requires": true,
	"packages": {
		"": {
			"dependencies": {
				"command-exists": "1.2.2"
			}
		},
		"node_modules/command-exists": {
			"version": "1.2.2",
			"resolved": "https://registry.npmjs.org/command-exists/-/command-exists-1.2.2.tgz",
			"integrity": "sha512-5e7IAEMuanKt2PBQeJG3wTCQwPtdWYrfBfZHLTilHsWWqsRcVUuYCy5vgvP4NAb3QqW0UZ9sZDiSogEhoGLpyw==",
			"deprecated": "Potential security vulnerability fixed in v.1.2.4",
			"license": "MIT"
		}
	}
}
