{
  "name": "cryo-0.0.6",
  "lockfileVersion": 3,
  "requires": true,
  "packages": {
    "": {
      "dependencies": {
        "cryo": "0.0.6"
      }
    },
    "node_modules/cryo": {
      "version": "0.0.6",
      "resolved": "https://registry.npmjs.org/cryo/-/cryo-0.0.6.tgz",
      "integrity": "sha512-vSbO1hJvP9oOGXcKHiAj3U37rtErI8jIZ8gOp8EfiQgPncAv6nc4JArGWzqrxlwA5xe6Sph5OUAg//7yqTOyIg==",
      "engines": {
        "node": ">= 0.4.x"
      }
    }
  }
}
