{
  "name": "systeminformation-4.26.1",
  "lockfileVersion": 3,
  "requires": true,
  "packages": {
    "": {
      "dependencies": {
        "systeminformation": "4.26.1"
      }
    },
    "node_modules/systeminformation": {
      "version": "4.26.1",
      "resolved": "https://registry.npmjs.org/systeminformation/-/systeminformation-4.26.1.tgz",
      "integrity": "sha512-1C4qjucOXYbVNOTnGaujL1bcKyVoEnNv9BTAwDyYaGhNe9mnJrxV1erBKvRxnlp1JBn+jPICeTAQ/TzlEJ5lsg==",
      "license": "MIT",
      "os": [
        "darwin",
        "linux",
        "win32",
        "freebsd",
        "openbsd",
        "netbsd",
        "sunos"
      ],
      "bin": {
        "systeminformation": "lib/cli.js"
      },
      "engines": {
        "node": ">=4.0.0"
      },
      "funding": {
        "type": "Buy me a coffee",
        "url": "https://www.buymeacoffee.com/systeminfo"
      }
    }
  }
}
