{
  "name": "vboxmanage.js-1.0.6",
  "lockfileVersion": 3,
  "requires": true,
  "packages": {
    "": {
      "dependencies": {
        "vboxmanage.js": "1.0.6"
      }
    },
    "node_modules/vboxmanage.js": {
      "version": "1.0.6",
      "resolved": "https://registry.npmjs.org/vboxmanage.js/-/vboxmanage.js-1.0.6.tgz",
      "integrity": "sha512-vnn0VeMTq51V5L7I8QRng8EbNiqRaVOsEiZDZKR1norDNg5pQ3VEPtWa/5JjBTLtp3Yukx3zVVSAxBF988ZduA==",
      "deprecated": "security issue fixed in v1.0.9",
      "license": "MIT"
    }
  }
}
