{
  "name": "node-extend-0.2.0",
  "lockfileVersion": 3,
  "requires": true,
  "packages": {
    "": {
      "dependencies": {
        "node-extend": "0.2.0"
      }
    },
    "node_modules/node-extend": {
      "version": "0.2.0",
      "resolved": "https://registry.npmjs.org/node-extend/-/node-extend-0.2.0.tgz",
      "integrity": "sha512-VgJXSDrvoMh1iqV1H3n/l/4AvKfBk32etOzv8Z403DDWex5kke3xAkJEzNuwPM0pZjIDfPNukCSrarKodg2eeg==",
      "license": "MIT"
    }
  }
}
