{
    "name": "git-interface-2.1.1",
    "lockfileVersion": 3,
    "requires": true,
    "packages": {
        "": {
            "dependencies": {
                "git-interface": "2.1.1"
            }
        },
        "node_modules/git-interface": {
            "version": "2.1.1",
            "resolved": "https://registry.npmjs.org/git-interface/-/git-interface-2.1.1.tgz",
            "integrity": "sha512-pd73o/jSlacNJVxKov7JHl9setjAbFxuA5ZkcHruDyesTZHFEEDVD7o6iLhyEFUlAvXUm4Q3NpVwKeUmT7NKng==",
            "license": "MIT"
        }
    }
}
