{
  "name": "push-dir-0.4.1",
  "lockfileVersion": 3,
  "requires": true,
  "packages": {
    "": {
      "dependencies": {
        "push-dir": "0.4.1"
      }
    },
    "node_modules/minimist": {
      "version": "1.2.8",
      "resolved": "https://registry.npmjs.org/minimist/-/minimist-1.2.8.tgz",
      "integrity": "sha512-2yyAR8qBkN3YuheJanUpWC5U3bb5osDywNB8RzDVlDwDHbocAJveqqj1u8+SVD7jkWT4yvsHCpWqqWqAxb0zCA==",
      "license": "MIT",
      "funding": {
        "url": "https://github.com/sponsors/ljharb"
      }
    },
    "node_modules/push-dir": {
      "version": "0.4.1",
      "resolved": "https://registry.npmjs.org/push-dir/-/push-dir-0.4.1.tgz",
      "integrity": "sha512-Nrrsly0c3kCfu725Jnif/s5adHpBwKCGWBttHVxTndF4iyGBSFtNi/pduFxHF5ks0kWtHcbA3XXP5MEra6iiCA==",
      "license": "MIT",
      "dependencies": {
        "minimist": "^1.2.0"
      },
      "bin": {
        "push-dir": "bin/push-dir.js"
      },
      "engines": {
        "node": ">=0.12"
      }
    }
  }
}
