{
  "name": "onion-oled-js-0.0.2",
  "lockfileVersion": 3,
  "requires": true,
  "packages": {
    "": {
      "dependencies": {
        "onion-oled-js": "0.0.2"
      }
    },
    "node_modules/asap": {
      "version": "2.0.6",
      "resolved": "https://registry.npmjs.org/asap/-/asap-2.0.6.tgz",
      "integrity": "sha512-BSHWgDSAiKs50o2Re8ppvp3seVHXSRM44cdSsT9FfNEUUZLOGWVCsiWaRPWM1Znn+mqZ1OfVZ3z3DWEzSp7hRA==",
      "license": "MIT"
    },
    "node_modules/onion-oled-js": {
      "version": "0.0.2",
      "resolved": "https://registry.npmjs.org/onion-oled-js/-/onion-oled-js-0.0.2.tgz",
      "integrity": "sha512-Npv9EtjWPlsvPmVbNM1Qt+MH/VMzgBbcxX9F4q+x4IQH76xkfACiGEnEaP3C87On5QNhtfSX8s6pB82gDBYGUQ==",
      "license": "MIT",
      "dependencies": {
        "promise": "^7.1.1"
      }
    },
    "node_modules/promise": {
      "version": "7.3.1",
      "resolved": "https://registry.npmjs.org/promise/-/promise-7.3.1.tgz",
      "integrity": "sha512-nolQXZ/4L+bP/UGlkfaIujX9BKxGwmQ9OT4mOt5yvy8iK1h3wqTEJCijzGANTCCl9nWjY41juyAn2K3Q1hLLTg==",
      "license": "MIT",
      "dependencies": {
        "asap": "~2.0.3"
      }
    }
  }
}
