{
    "name": "arpping-2.0.0",
    "lockfileVersion": 3,
    "requires": true,
    "packages": {
        "": {
            "dependencies": {
                "arpping": "2.0.0"
            }
        },
        "node_modules/arpping": {
            "version": "2.0.0",
            "resolved": "https://registry.npmjs.org/arpping/-/arpping-2.0.0.tgz",
            "integrity": "sha512-+bkS6pf3vvYRfC/zDKKP9saFw4u73i7JgD75s37LU8i/OffAFhrIvQaKTzv0x1/P0JqYho/97yHD8b8jkhT78w==",
            "license": "MIT",
            "dependencies": {
                "child_process": "^1.0.2",
                "os": "^0.1.1"
            }
        },
        "node_modules/child_process": {
            "version": "1.0.2",
            "resolved": "https://registry.npmjs.org/child_process/-/child_process-1.0.2.tgz",
            "integrity": "sha512-Wmza/JzL0SiWz7kl6MhIKT5ceIlnFPJX+lwUGj7Clhy5MMldsSoJR0+uvRzOS5Kv45Mq7t1PoE8TsOA9bzvb6g==",
            "license": "ISC"
        },
        "node_modules/os": {
            "version": "0.1.2",
            "resolved": "https://registry.npmjs.org/os/-/os-0.1.2.tgz",
            "integrity": "sha512-ZoXJkvAnljwvc56MbvhtKVWmSkzV712k42Is2mA0+0KTSRakq5XXuXpjZjgAt9ctzl51ojhQWakQQpmOvXWfjQ==",
            "license": "MIT"
        }
    }
}
