{
    "name": "connection-tester-0.2.0",
    "lockfileVersion": 3,
    "requires": true,
    "packages": {
        "": {
            "dependencies": {
                "connection-tester": "0.2.0"
            }
        },
        "node_modules/connection-tester": {
            "version": "0.2.0",
            "resolved": "https://registry.npmjs.org/connection-tester/-/connection-tester-0.2.0.tgz",
            "integrity": "sha512-SdjxQ+wdNrV6Mcp60zDSlR4y9n8IPN7gs5Y7dhH/01G3qw6BvP5fR1VTJf0qvdWmoyGJ19nwfENOOv5IHBNHqQ==",
            "license": "MIT"
        }
    }
}
