{
  "name": "fsa-0.5.1",
  "lockfileVersion": 3,
  "requires": true,
  "packages": {
    "": {
      "dependencies": {
        "fsa": "0.5.1"
      }
    },
    "node_modules/fsa": {
      "version": "0.5.1",
      "resolved": "https://registry.npmjs.org/fsa/-/fsa-0.5.1.tgz",
      "integrity": "sha512-HMdf0zJNXwP5dxROQb/ncUv+9BxuO4NM5R6/pSbUdfu5CUzMOg7+iP4tQUtBIv18PaScukzfxGIqLyJ3d9wg3Q==",
      "engines": {
        "node": ">=0.4"
      }
    }
  }
}
