{
	"name": "lilconfig-3.1.0",
	"lockfileVersion": 3,
	"requires": true,
	"packages": {
		"": {
			"dependencies": {
				"lilconfig": "3.1.0"
			}
		},
		"node_modules/lilconfig": {
			"version": "3.1.0",
			"resolved": "https://registry.npmjs.org/lilconfig/-/lilconfig-3.1.0.tgz",
			"integrity": "sha512-p3cz0JV5vw/XeouBU3Ldnp+ZkBjE+n8ydJ4mcwBrOiXXPqNlrzGBqWs9X4MWF7f+iKUBu794Y8Hh8yawiJbCjw==",
			"deprecated": "This version contains a security issue. Please upgrade to 3.1.1 or later.",
			"license": "MIT",
			"engines": {
				"node": ">=14"
			},
			"funding": {
				"url": "https://github.com/sponsors/antonk52"
			}
		}
	}
}
