{
  "name": "node-latex-pdf-0.0.2",
  "lockfileVersion": 3,
  "requires": true,
  "packages": {
    "": {
      "dependencies": {
        "node-latex-pdf": "0.0.2"
      }
    },
    "node_modules/node-latex-pdf": {
      "version": "0.0.2",
      "resolved": "https://registry.npmjs.org/node-latex-pdf/-/node-latex-pdf-0.0.2.tgz",
      "integrity": "sha512-ETpgNg1IEW3/sO8VhYIdZh890MaL6uAEhik/tlWPCDGL32B2k6qvDHqCwJIbXeuqWgUGiU+zBhA9dGIm4UEWTA==",
      "license": "ISC"
    }
  }
}
