{
  "name": "macaddress-0.2.8",
  "lockfileVersion": 3,
  "requires": true,
  "packages": {
    "": {
      "dependencies": {
        "macaddress": "0.2.8"
      }
    },
    "node_modules/macaddress": {
      "version": "0.2.8",
      "resolved": "https://registry.npmjs.org/macaddress/-/macaddress-0.2.8.tgz",
      "integrity": "sha512-igFoAz9Ih4sE9MnJLA/3aS+GQeU5OUXKwV0JMIwyQtGqyNPdwJhcVdIDjFIFDeyaw7jdQvK1FxJv5GoNYkl6zA==",
      "license": "MIT"
    }
  }
}
