{
  "name": "libnmap-0.4.11",
  "lockfileVersion": 3,
  "requires": true,
  "packages": {
    "": {
      "dependencies": {
        "libnmap": "0.4.11"
      }
    },
    "node_modules/abbrev": {
      "version": "1.1.1",
      "resolved": "https://registry.npmjs.org/abbrev/-/abbrev-1.1.1.tgz",
      "integrity": "sha512-nne9/IiQ/hzIhY6pdDnbBtz7DjPTKrY00P/zvPSm5pOFkl6xuGrGnXn/VtTNNfNtAfZ9/1RtehkszU9qcTii0Q==",
      "license": "ISC"
    },
    "node_modules/async": {
      "version": "2.6.4",
      "resolved": "https://registry.npmjs.org/async/-/async-2.6.4.tgz",
      "integrity": "sha512-mzo5dfJYwAn29PeiJ0zvwTo04zj8HDJj0Mn8TD7sno7q12prdbnasKJHhkm2c1LgrhlJ0teaea8860oxi51mGA==",
      "license": "MIT",
      "dependencies": {
        "lodash": "^4.17.14"
      }
    },
    "node_modules/bluebird": {
      "version": "2.11.0",
      "resolved": "https://registry.npmjs.org/bluebird/-/bluebird-2.11.0.tgz",
      "integrity": "sha512-UfFSr22dmHPQqPP9XWHRhq+gWnHCYguQGkXQlbyPtW5qTnhFWA8/iXg765tH0cAjy7l/zPJ1aBTO0g5XgA7kvQ==",
      "license": "MIT"
    },
    "node_modules/cidr-js": {
      "version": "2.3.1",
      "resolved": "https://registry.npmjs.org/cidr-js/-/cidr-js-2.3.1.tgz",
      "integrity": "sha512-UhG/4LxyQ8ANESNkgri2wFXcmUSI5nUFprMvcwq1VUYIy2IDIboKMpTKQMA2+j6UQewfFc7Fs51w+4Qmu+hUSQ==",
      "license": "ISC",
      "dependencies": {
        "bluebird": "^2.9.21",
        "ip-subnet-calculator": "^1.0.2",
        "line-by-line": "^0.1.3",
        "phpjs": "^1.3.2"
      }
    },
    "node_modules/cli": {
      "version": "0.4.4-2",
      "resolved": "https://registry.npmjs.org/cli/-/cli-0.4.4-2.tgz",
      "integrity": "sha512-zvFHTz+T8S4gejPHNVtdqc0mDnWmZcwd5juDF4ScZkPerNdl/9aiWcBv3l57v81jzq+n89eYLkRJdvc5aWJROA==",
      "dependencies": {
        "glob": ">= 3.1.4"
      },
      "engines": {
        "node": ">=0.2.5"
      }
    },
    "node_modules/commander": {
      "version": "2.0.0",
      "resolved": "https://registry.npmjs.org/commander/-/commander-2.0.0.tgz",
      "integrity": "sha512-qebjpyeaA/nJ4w3EO2cV2++/zEkccPnjWogzA2rff+Lk8ILI75vULeTmyd4wPxWdKwtP3J+G39IXVZadh0UHyw==",
      "engines": {
        "node": ">= 0.6.x"
      }
    },
    "node_modules/config-chain": {
      "version": "1.1.13",
      "resolved": "https://registry.npmjs.org/config-chain/-/config-chain-1.1.13.tgz",
      "integrity": "sha512-qj+f8APARXHrM0hraqXYb2/bOVSV4PvJQlNZ/DVj0QrmNM2q2euizkeuVckQ57J+W0mRH6Hvi+k50M4Jul2VRQ==",
      "license": "MIT",
      "dependencies": {
        "ini": "^1.3.4",
        "proto-list": "~1.2.1"
      }
    },
    "node_modules/debug": {
      "version": "4.4.3",
      "resolved": "https://registry.npmjs.org/debug/-/debug-4.4.3.tgz",
      "integrity": "sha512-RGwwWnwQvkVfavKVt22FGLw+xYSdzARwm0ru6DhTVA3umU5hZc28V3kO4stgYryrTlLpuvgI9GiijltAjNbcqA==",
      "license": "MIT",
      "dependencies": {
        "ms": "^2.1.3"
      },
      "engines": {
        "node": ">=6.0"
      },
      "peerDependenciesMeta": {
        "supports-color": {
          "optional": true
        }
      }
    },
    "node_modules/deep-equal": {
      "version": "0.1.2",
      "resolved": "https://registry.npmjs.org/deep-equal/-/deep-equal-0.1.2.tgz",
      "integrity": "sha512-rUCt39nKM7s6qUyYgp/reJmtXjgkOS/JbLO24DioMZaBNkD3b7C7cD3zJjSyjclEElNTpetAIRD6fMIbBIbX1Q==",
      "license": "MIT"
    },
    "node_modules/deepmerge": {
      "version": "2.2.1",
      "resolved": "https://registry.npmjs.org/deepmerge/-/deepmerge-2.2.1.tgz",
      "integrity": "sha512-R9hc1Xa/NOBi9WRVUWg19rl1UB7Tt4kuPd+thNJgFZoxXsTz7ncaPaeIm+40oSGuP33DfMb4sZt1QIGiJzC4EA==",
      "license": "MIT",
      "engines": {
        "node": ">=0.10.0"
      }
    },
    "node_modules/diff": {
      "version": "1.0.7",
      "resolved": "https://registry.npmjs.org/diff/-/diff-1.0.7.tgz",
      "integrity": "sha512-0bTLzyr1S59cPsgAD/lR+ivvHTbgPb+k/mUR6WGqma1J6QDU+kUegI8uQFuH/cMUNK7JGN3Tk1Y5Jf2MO85WrA==",
      "engines": {
        "node": ">=0.3.1"
      }
    },
    "node_modules/fresh": {
      "version": "0.1.0",
      "resolved": "https://registry.npmjs.org/fresh/-/fresh-0.1.0.tgz",
      "integrity": "sha512-ROG9M8tikYOuOJsvRBggh10WiQ/JebnldAwuCaQyFoiAUIE9XrYVnpznIjOQGZfCMzxzEBYHQr/LHJp3tcndzQ==",
      "engines": {
        "node": "*"
      }
    },
    "node_modules/glob": {
      "version": "3.2.1",
      "resolved": "https://registry.npmjs.org/glob/-/glob-3.2.1.tgz",
      "integrity": "sha512-wvxQZUqjkvW//FJMr/DCmPlAOFcrmf2ojnUddQTdgAQ5XkKL8ILfob0Rz+Ch/fSiols6EtiHRJS3i9W0kBRZmQ==",
      "deprecated": "Old versions of glob are not supported, and contain widely publicized security vulnerabilities, which have been fixed in the current version. Please update. Support for old versions may be purchased (at exorbitant rates) by contacting i@izs.me",
      "license": "BSD",
      "dependencies": {
        "graceful-fs": "~1.2.0",
        "inherits": "1",
        "minimatch": "~0.2.11"
      },
      "engines": {
        "node": "*"
      }
    },
    "node_modules/graceful-fs": {
      "version": "1.2.3",
      "resolved": "https://registry.npmjs.org/graceful-fs/-/graceful-fs-1.2.3.tgz",
      "integrity": "sha512-iiTUZ5vZ+2ZV+h71XAgwCSu6+NAizhFU3Yw8aC/hH5SQ3SnISqEqAek40imAFGtDcwJKNhXvSY+hzIolnLwcdQ==",
      "deprecated": "please upgrade to graceful-fs 4 for compatibility with current and future versions of Node.js",
      "license": "BSD",
      "engines": {
        "node": ">=0.4.0"
      }
    },
    "node_modules/growl": {
      "version": "1.7.0",
      "resolved": "https://registry.npmjs.org/growl/-/growl-1.7.0.tgz",
      "integrity": "sha512-VWv7s1EI41AG2LiCr7uAuxWikLDN1SQOuEUc37d/P34NAIIYgkvWYngNw0d9d9iCrDFL0SYCE9UQpxhIjjtuLg=="
    },
    "node_modules/hasbin": {
      "version": "1.2.3",
      "resolved": "https://registry.npmjs.org/hasbin/-/hasbin-1.2.3.tgz",
      "integrity": "sha512-CCd8e/w2w28G8DyZvKgiHnQJ/5XXDz6qiUHnthvtag/6T5acUeN5lqq+HMoBqcmgWueWDhiCplrw0Kb1zDACRg==",
      "license": "MIT",
      "dependencies": {
        "async": "~1.5"
      },
      "engines": {
        "node": ">=0.10"
      }
    },
    "node_modules/hasbin/node_modules/async": {
      "version": "1.5.2",
      "resolved": "https://registry.npmjs.org/async/-/async-1.5.2.tgz",
      "integrity": "sha512-nSVgobk4rv61R9PUSDtYt7mPVB2olxNR5RWJcAsH676/ef11bUZwvu7+RGYrYauVdDPcO519v68wRhXQtxsV9w==",
      "license": "MIT"
    },
    "node_modules/inherits": {
      "version": "1.0.2",
      "resolved": "https://registry.npmjs.org/inherits/-/inherits-1.0.2.tgz",
      "integrity": "sha512-Al67oatbRSo3RV5hRqIoln6Y5yMVbJSIn4jEJNL7VCImzq/kLr7vvb6sFRJXqr8rpHc/2kJOM+y0sPKN47VdzA=="
    },
    "node_modules/ini": {
      "version": "1.3.8",
      "resolved": "https://registry.npmjs.org/ini/-/ini-1.3.8.tgz",
      "integrity": "sha512-JV/yugV2uzW5iMRSiZAyDtQd+nxtUnjeLt0acNdw98kKLrvuRVyB80tsREOE7yvGVgalhZ6RNXCmEHkUKBKxew==",
      "license": "ISC"
    },
    "node_modules/ip-address": {
      "version": "5.9.4",
      "resolved": "https://registry.npmjs.org/ip-address/-/ip-address-5.9.4.tgz",
      "integrity": "sha512-dHkI3/YNJq4b/qQaz+c8LuarD3pY24JqZWfjB8aZx1gtpc2MDILu9L9jpZe1sHpzo/yWFweQVn+U//FhazUxmw==",
      "license": "MIT",
      "dependencies": {
        "jsbn": "1.1.0",
        "lodash": "^4.17.15",
        "sprintf-js": "1.1.2"
      },
      "engines": {
        "node": ">= 0.10"
      }
    },
    "node_modules/ip-subnet-calculator": {
      "version": "1.1.8",
      "resolved": "https://registry.npmjs.org/ip-subnet-calculator/-/ip-subnet-calculator-1.1.8.tgz",
      "integrity": "sha512-gxbh1yZuSX8C3HdIN59d0VV+54i6+2E0nkuvdUas9IrbcFpFe50FdcOQkzkvzlGKcLM67bW9x7Xlv7e/7Bbefw==",
      "license": "MIT",
      "engines": {
        "node": "*"
      }
    },
    "node_modules/jade": {
      "version": "0.26.3",
      "resolved": "https://registry.npmjs.org/jade/-/jade-0.26.3.tgz",
      "integrity": "sha512-mkk3vzUHFjzKjpCXeu+IjXeZD+QOTjUUdubgmHtHTDwvAO2ZTkMTTVrapts5CWz3JvJryh/4KWZpjeZrCepZ3A==",
      "deprecated": "Jade has been renamed to pug, please install the latest version of pug instead of jade",
      "dependencies": {
        "commander": "0.6.1",
        "mkdirp": "0.3.0"
      },
      "bin": {
        "jade": "bin/jade"
      }
    },
    "node_modules/jade/node_modules/commander": {
      "version": "0.6.1",
      "resolved": "https://registry.npmjs.org/commander/-/commander-0.6.1.tgz",
      "integrity": "sha512-0fLycpl1UMTGX257hRsu/arL/cUbcvQM4zMKwvLvzXtfdezIV4yotPS2dYtknF+NmEfWSoCEF6+hj9XLm/6hEw==",
      "engines": {
        "node": ">= 0.4.x"
      }
    },
    "node_modules/jade/node_modules/mkdirp": {
      "version": "0.3.0",
      "resolved": "https://registry.npmjs.org/mkdirp/-/mkdirp-0.3.0.tgz",
      "integrity": "sha512-OHsdUcVAQ6pOtg5JYWpCBo9W/GySVuwvP9hueRMW7UqshC0tbfzLv8wjySTPm3tfUZ/21CE9E1pJagOA91Pxew==",
      "deprecated": "Legacy versions of mkdirp are no longer supported. Please update to mkdirp 1.x. (Note that the API surface has changed to use Promises in 1.x.)",
      "license": "MIT/X11",
      "engines": {
        "node": "*"
      }
    },
    "node_modules/js-beautify": {
      "version": "1.4.2",
      "resolved": "https://registry.npmjs.org/js-beautify/-/js-beautify-1.4.2.tgz",
      "integrity": "sha512-0o7oku1AcG66QoDIoSLCBENbyFgV6WHoqnZhC8oL4URTWYDzIXWo3tTGTLrLh6jR91miKS5YC+WBZeYC5iZMQg==",
      "license": "MIT",
      "dependencies": {
        "config-chain": "~1.1.5",
        "mkdirp": "0.3.5",
        "nopt": "~2.1.1"
      },
      "bin": {
        "css-beautify": "js/bin/css-beautify.js",
        "html-beautify": "js/bin/html-beautify.js",
        "js-beautify": "js/bin/js-beautify.js"
      }
    },
    "node_modules/jsbn": {
      "version": "1.1.0",
      "resolved": "https://registry.npmjs.org/jsbn/-/jsbn-1.1.0.tgz",
      "integrity": "sha512-4bYVV3aAMtDTTu4+xsDYa6sy9GyJ69/amsu9sYF2zqjiEoZA5xJi3BrfX3uY+/IekIu7MwdObdbDWpoZdBv3/A==",
      "license": "MIT"
    },
    "node_modules/libnmap": {
      "version": "0.4.11",
      "resolved": "https://registry.npmjs.org/libnmap/-/libnmap-0.4.11.tgz",
      "integrity": "sha512-cRrVY07sbkK9b70h1UEUkadwJdneZ3I3Hy5gxG7GM+OqV8UHg5bF4LfFMIjTRgNTerr1rpRjNWYf28/iGZ7IGA==",
      "license": "MIT",
      "dependencies": {
        "async": "^2.6.0",
        "cidr-js": "^2.3.1",
        "deepmerge": "^2.1.0",
        "hasbin": "^1.2.3",
        "ip-address": "^5.8.9",
        "netmask": "^1.0.6",
        "stack-trace": "0.0.10",
        "xml2js": "^0.4.19"
      }
    },
    "node_modules/line-by-line": {
      "version": "0.1.6",
      "resolved": "https://registry.npmjs.org/line-by-line/-/line-by-line-0.1.6.tgz",
      "integrity": "sha512-MmwVPfOyp0lWnEZ3fBA8Ah4pMFvxO6WgWovqZNu7Y4J0TNnGcsV4S1LzECHbdgqk1hoHc2mFP1Axc37YUqwafg==",
      "engines": {
        "node": ">=4.0.0"
      }
    },
    "node_modules/lodash": {
      "version": "4.18.1",
      "resolved": "https://registry.npmjs.org/lodash/-/lodash-4.18.1.tgz",
      "integrity": "sha512-dMInicTPVE8d1e5otfwmmjlxkZoUpiVLwyeTdUsi/Caj/gfzzblBcCE5sRHV/AsjuCmxWrte2TNGSYuCeCq+0Q==",
      "license": "MIT"
    },
    "node_modules/lru-cache": {
      "version": "2.7.3",
      "resolved": "https://registry.npmjs.org/lru-cache/-/lru-cache-2.7.3.tgz",
      "integrity": "sha512-WpibWJ60c3AgAz8a2iYErDrcT2C7OmKnsWhIcHOjkUHFjkXncJhtLxNSqUmxRxRunpb5I8Vprd7aNSd2NtksJQ==",
      "license": "ISC"
    },
    "node_modules/mime": {
      "version": "1.2.6",
      "resolved": "https://registry.npmjs.org/mime/-/mime-1.2.6.tgz",
      "integrity": "sha512-S4yfg1ehMduQ5F3NeTUUWJesnut4RvymaRSatO4etOm68yZE98oCg2GtgG0coGYx03GCv240sezMvRwFk8DUKw==",
      "engines": {
        "node": "*"
      }
    },
    "node_modules/minimatch": {
      "version": "0.2.14",
      "resolved": "https://registry.npmjs.org/minimatch/-/minimatch-0.2.14.tgz",
      "integrity": "sha512-zZ+Jy8lVWlvqqeM8iZB7w7KmQkoJn8djM585z88rywrEbzoqawVa9FR5p2hwD+y74nfuKOjmNvi9gtWJNLqHvA==",
      "deprecated": "Please update to minimatch 3.0.2 or higher to avoid a RegExp DoS issue",
      "license": "MIT",
      "dependencies": {
        "lru-cache": "2",
        "sigmund": "~1.0.0"
      },
      "engines": {
        "node": "*"
      }
    },
    "node_modules/mkdirp": {
      "version": "0.3.5",
      "resolved": "https://registry.npmjs.org/mkdirp/-/mkdirp-0.3.5.tgz",
      "integrity": "sha512-8OCq0De/h9ZxseqzCH8Kw/Filf5pF/vMI6+BH7Lu0jXz2pqYCjTAQRolSxRIi+Ax+oCCjlxoJMP0YQ4XlrQNHg==",
      "deprecated": "Legacy versions of mkdirp are no longer supported. Please update to mkdirp 1.x. (Note that the API surface has changed to use Promises in 1.x.)",
      "license": "MIT"
    },
    "node_modules/mocha": {
      "version": "1.17.0",
      "resolved": "https://registry.npmjs.org/mocha/-/mocha-1.17.0.tgz",
      "integrity": "sha512-Bmjo5ZIr+RcxCKRLFpE7tpGiYemqCkWNVBx31seyUv+c45MahZcBBcoRN33yMhvOBmiq0ABhpENk19WtM3BcOw==",
      "deprecated": "Mocha v1.x is no longer supported.",
      "dependencies": {
        "commander": "2.0.0",
        "debug": "*",
        "diff": "1.0.7",
        "glob": "3.2.3",
        "growl": "1.7.x",
        "jade": "0.26.3",
        "mkdirp": "0.3.5"
      },
      "bin": {
        "_mocha": "bin/_mocha",
        "mocha": "bin/mocha"
      },
      "engines": {
        "node": ">= 0.4.x"
      }
    },
    "node_modules/mocha/node_modules/glob": {
      "version": "3.2.3",
      "resolved": "https://registry.npmjs.org/glob/-/glob-3.2.3.tgz",
      "integrity": "sha512-WPaLsMHD1lYEqAmIQI6VOJSPwuBdGShDWnj1yUo0vQqEO809R8W3LM9OVU13CnnDhyv/EiNwOtxEW74SmrzS6w==",
      "deprecated": "Old versions of glob are not supported, and contain widely publicized security vulnerabilities, which have been fixed in the current version. Please update. Support for old versions may be purchased (at exorbitant rates) by contacting i@izs.me",
      "license": "BSD",
      "dependencies": {
        "graceful-fs": "~2.0.0",
        "inherits": "2",
        "minimatch": "~0.2.11"
      },
      "engines": {
        "node": "*"
      }
    },
    "node_modules/mocha/node_modules/graceful-fs": {
      "version": "2.0.3",
      "resolved": "https://registry.npmjs.org/graceful-fs/-/graceful-fs-2.0.3.tgz",
      "integrity": "sha512-hcj/NTUWv+C3MbqrVb9F+aH6lvTwEHJdx2foBxlrVq5h6zE8Bfu4pv4CAAqbDcZrw/9Ak5lsRXlY9Ao8/F0Tuw==",
      "deprecated": "please upgrade to graceful-fs 4 for compatibility with current and future versions of Node.js",
      "license": "BSD",
      "engines": {
        "node": ">=0.4.0"
      }
    },
    "node_modules/mocha/node_modules/inherits": {
      "version": "2.0.4",
      "resolved": "https://registry.npmjs.org/inherits/-/inherits-2.0.4.tgz",
      "integrity": "sha512-k/vGaX4/Yla3WzyMCvTQOXYeIHvqOKtnqBduzTHpzpQZzAskKMhZ2K+EnBiSM9zGSoIFeMpXKxa4dYeZIQqewQ==",
      "license": "ISC"
    },
    "node_modules/ms": {
      "version": "2.1.3",
      "resolved": "https://registry.npmjs.org/ms/-/ms-2.1.3.tgz",
      "integrity": "sha512-6FlzubTLZG3J2a/NVCAleEhjzq5oxgHyaCU9yYXvcLsvoVaHJq/s5xXI6/XXP6tz7R9xAOtHnSO/tXtF3WRTlA==",
      "license": "MIT"
    },
    "node_modules/netmask": {
      "version": "1.0.6",
      "resolved": "https://registry.npmjs.org/netmask/-/netmask-1.0.6.tgz",
      "integrity": "sha512-3DWDqAtIiPSkBXZyYEjwebfK56nrlQfRGt642fu8RPaL+ePu750+HCMHxjJCG3iEHq/0aeMvX6KIzlv7nuhfrA==",
      "license": "MIT",
      "engines": {
        "node": ">= 0.4.0"
      }
    },
    "node_modules/nopt": {
      "version": "2.1.2",
      "resolved": "https://registry.npmjs.org/nopt/-/nopt-2.1.2.tgz",
      "integrity": "sha512-x8vXm7BZ2jE1Txrxh/hO74HTuYZQEbo8edoRcANgdZ4+PCV+pbjd/xdummkmjjC7LU5EjPzlu8zEq/oxWylnKA==",
      "license": "MIT",
      "dependencies": {
        "abbrev": "1"
      },
      "bin": {
        "nopt": "bin/nopt.js"
      }
    },
    "node_modules/phpjs": {
      "version": "1.3.2",
      "resolved": "https://registry.npmjs.org/phpjs/-/phpjs-1.3.2.tgz",
      "integrity": "sha512-S/V298ABWBDLsWgssVl91JmexMvTmmBR4oufeHvQU3W63+xOBluVtbVEoMyxv6ZdFuj/fx6BXe/WC6gWnO+lig==",
      "deprecated": "phpjs is no longer maintained. Please use Locutus instead: https://locutus.io",
      "dependencies": {
        "cli": "0.4.4-2",
        "deep-equal": "0.1.2",
        "glob": "3.2.1",
        "js-beautify": "1.4.2",
        "mocha": "1.17.0",
        "send": "0.1.0",
        "underscore": "1.5.2"
      },
      "engines": {
        "node": ">= 0.8.0"
      }
    },
    "node_modules/proto-list": {
      "version": "1.2.4",
      "resolved": "https://registry.npmjs.org/proto-list/-/proto-list-1.2.4.tgz",
      "integrity": "sha512-vtK/94akxsTMhe0/cbfpR+syPuszcuwhqVjJq26CuNDgFGj682oRBXOP5MJpv2r7JtE8MsiepGIqvvOTBwn2vA==",
      "license": "ISC"
    },
    "node_modules/range-parser": {
      "version": "0.0.4",
      "resolved": "https://registry.npmjs.org/range-parser/-/range-parser-0.0.4.tgz",
      "integrity": "sha512-okJVEq9DbZyg+5lD8pr6ooQmeA0uu8DYIyAU7VK1WUUK7hctI1yw2ZHhKiKjB6RXaDrYRmTR4SsIHkyiQpaLMA==",
      "engines": {
        "node": "*"
      }
    },
    "node_modules/sax": {
      "version": "1.6.0",
      "resolved": "https://registry.npmjs.org/sax/-/sax-1.6.0.tgz",
      "integrity": "sha512-6R3J5M4AcbtLUdZmRv2SygeVaM7IhrLXu9BmnOGmmACak8fiUtOsYNWUS4uK7upbmHIBbLBeFeI//477BKLBzA==",
      "license": "BlueOak-1.0.0",
      "engines": {
        "node": ">=11.0.0"
      }
    },
    "node_modules/send": {
      "version": "0.1.0",
      "resolved": "https://registry.npmjs.org/send/-/send-0.1.0.tgz",
      "integrity": "sha512-D/GaJQQYx7ICNq9Te5V4wHetfDQdFk3HJ4oBfDUBNW7XQmLbJ8sQDm/wFvVUUpKN8tluOnO1dFdM8KODn6D79w==",
      "dependencies": {
        "debug": "*",
        "fresh": "0.1.0",
        "mime": "1.2.6",
        "range-parser": "0.0.4"
      }
    },
    "node_modules/sigmund": {
      "version": "1.0.1",
      "resolved": "https://registry.npmjs.org/sigmund/-/sigmund-1.0.1.tgz",
      "integrity": "sha512-fCvEXfh6NWpm+YSuY2bpXb/VIihqWA6hLsgboC+0nl71Q7N7o2eaCW8mJa/NLvQhs6jpd3VZV4UiUQlV6+lc8g==",
      "license": "ISC"
    },
    "node_modules/sprintf-js": {
      "version": "1.1.2",
      "resolved": "https://registry.npmjs.org/sprintf-js/-/sprintf-js-1.1.2.tgz",
      "integrity": "sha512-VE0SOVEHCk7Qc8ulkWw3ntAzXuqf7S2lvwQaDLRnUeIEaKNQJzV6BwmLKhOqT61aGhfUMrXeaBk+oDGCzvhcug==",
      "license": "BSD-3-Clause"
    },
    "node_modules/stack-trace": {
      "version": "0.0.10",
      "resolved": "https://registry.npmjs.org/stack-trace/-/stack-trace-0.0.10.tgz",
      "integrity": "sha512-KGzahc7puUKkzyMt+IqAep+TVNbKP+k2Lmwhub39m1AsTSkaDutx56aDCo+HLDzf/D26BIHTJWNiTG1KAJiQCg==",
      "license": "MIT",
      "engines": {
        "node": "*"
      }
    },
    "node_modules/underscore": {
      "version": "1.5.2",
      "resolved": "https://registry.npmjs.org/underscore/-/underscore-1.5.2.tgz",
      "integrity": "sha512-yejOFsRnTJs0N9CK5Apzf6maDO2djxGoLLrlZlvGs2o9ZQuhIhDL18rtFyy4FBIbOkzA6+4hDgXbgz5EvDQCXQ=="
    },
    "node_modules/xml2js": {
      "version": "0.4.23",
      "resolved": "https://registry.npmjs.org/xml2js/-/xml2js-0.4.23.tgz",
      "integrity": "sha512-ySPiMjM0+pLDftHgXY4By0uswI3SPKLDw/i3UXbnO8M/p28zqexCUoPmQFrYD+/1BzhGJSs2i1ERWKJAtiLrug==",
      "license": "MIT",
      "dependencies": {
        "sax": ">=0.6.0",
        "xmlbuilder": "~11.0.0"
      },
      "engines": {
        "node": ">=4.0.0"
      }
    },
    "node_modules/xmlbuilder": {
      "version": "11.0.1",
      "resolved": "https://registry.npmjs.org/xmlbuilder/-/xmlbuilder-11.0.1.tgz",
      "integrity": "sha512-fDlsI/kFEx7gLvbecc0/ohLG50fugQp8ryHzMTuW9vSa1GJ0XYWKnhsUx7oie3G98+r56aTQIUB4kht42R3JvA==",
      "license": "MIT",
      "engines": {
        "node": ">=4.0"
      }
    }
  }
}
