{
  "name": "puppet-facter-0.0.2",
  "lockfileVersion": 3,
  "requires": true,
  "packages": {
    "": {
      "dependencies": {
        "puppet-facter": "0.0.2"
      }
    },
    "node_modules/puppet-facter": {
      "version": "0.0.2",
      "resolved": "https://registry.npmjs.org/puppet-facter/-/puppet-facter-0.0.2.tgz",
      "integrity": "sha512-k8hSlaKzH5Uw0SBteFCCATuoQybA6+OUUjjMBNE3Z8Mk+Cj8qfW5cUqNCk4lAUT57ZDlx+/AeJlGeclHqbKSSA==",
      "license": "ISC"
    }
  }
}
