{
    "name": "thi.ng-egf-0.3.0",
    "lockfileVersion": 3,
    "requires": true,
    "packages": {
        "": {
            "dependencies": {
                "@thi.ng/egf": "0.3.0"
            }
        },
        "node_modules/@thi.ng/api": {
            "version": "6.13.6",
            "resolved": "https://registry.npmjs.org/@thi.ng/api/-/api-6.13.6.tgz",
            "integrity": "sha512-r1qJR2QaODkhG0poOKAkFIaHYeGF3rYuh/eaGx+4mBjA+jUCRlqQNr/yP1DsjMEVbjlE1jqS5apQvnfSmQlOvg==",
            "funding": [
                {
                    "type": "github",
                    "url": "https://github.com/sponsors/postspectacular"
                },
                {
                    "type": "patreon",
                    "url": "https://patreon.com/thing_umbrella"
                }
            ],
            "license": "Apache-2.0"
        },
        "node_modules/@thi.ng/arrays": {
            "version": "1.0.3",
            "resolved": "https://registry.npmjs.org/@thi.ng/arrays/-/arrays-1.0.3.tgz",
            "integrity": "sha512-ZUB27bdpTwcvxYJTlt/eWKrj98nWXo0lAUPwRwubk4GlH8rTKKkc7qZr9/4LCKPsNjnZdQqbBtNvNf3HjYxCzw==",
            "funding": [
                {
                    "type": "github",
                    "url": "https://github.com/sponsors/postspectacular"
                },
                {
                    "type": "patreon",
                    "url": "https://patreon.com/thing_umbrella"
                }
            ],
            "license": "Apache-2.0",
            "dependencies": {
                "@thi.ng/api": "^7.2.0",
                "@thi.ng/checks": "^2.9.11",
                "@thi.ng/compare": "^1.3.34",
                "@thi.ng/equiv": "^1.0.45",
                "@thi.ng/errors": "^1.3.4",
                "@thi.ng/random": "^2.4.8"
            }
        },
        "node_modules/@thi.ng/arrays/node_modules/@thi.ng/api": {
            "version": "7.2.0",
            "resolved": "https://registry.npmjs.org/@thi.ng/api/-/api-7.2.0.tgz",
            "integrity": "sha512-4NcwHXxwPF/JgJG/jSFd9rjfQNguF0QrHvd6e+CEf4T0sFChqetW6ZmJ6/a2X+noDVntgulegA+Bx0HHzw+Tyw==",
            "funding": [
                {
                    "type": "github",
                    "url": "https://github.com/sponsors/postspectacular"
                },
                {
                    "type": "patreon",
                    "url": "https://patreon.com/thing_umbrella"
                }
            ],
            "license": "Apache-2.0"
        },
        "node_modules/@thi.ng/associative": {
            "version": "5.2.16",
            "resolved": "https://registry.npmjs.org/@thi.ng/associative/-/associative-5.2.16.tgz",
            "integrity": "sha512-joE9CSwKAWgGVuBjSIJuJ/xZcEtKohanmRIJRs7FfuxxsMZcKzybifXr1YOcGJFWAG/rD4spNzKs/AweygvtLw==",
            "funding": [
                {
                    "type": "github",
                    "url": "https://github.com/sponsors/postspectacular"
                },
                {
                    "type": "patreon",
                    "url": "https://patreon.com/thing_umbrella"
                }
            ],
            "license": "Apache-2.0",
            "dependencies": {
                "@thi.ng/api": "^7.2.0",
                "@thi.ng/arrays": "^1.0.3",
                "@thi.ng/binary": "^2.2.11",
                "@thi.ng/checks": "^2.9.11",
                "@thi.ng/compare": "^1.3.34",
                "@thi.ng/dcons": "^2.3.34",
                "@thi.ng/equiv": "^1.0.45",
                "@thi.ng/errors": "^1.3.4",
                "@thi.ng/transducers": "^7.9.2",
                "tslib": "^2.3.1"
            }
        },
        "node_modules/@thi.ng/associative/node_modules/@thi.ng/api": {
            "version": "7.2.0",
            "resolved": "https://registry.npmjs.org/@thi.ng/api/-/api-7.2.0.tgz",
            "integrity": "sha512-4NcwHXxwPF/JgJG/jSFd9rjfQNguF0QrHvd6e+CEf4T0sFChqetW6ZmJ6/a2X+noDVntgulegA+Bx0HHzw+Tyw==",
            "funding": [
                {
                    "type": "github",
                    "url": "https://github.com/sponsors/postspectacular"
                },
                {
                    "type": "patreon",
                    "url": "https://patreon.com/thing_umbrella"
                }
            ],
            "license": "Apache-2.0"
        },
        "node_modules/@thi.ng/binary": {
            "version": "2.2.11",
            "resolved": "https://registry.npmjs.org/@thi.ng/binary/-/binary-2.2.11.tgz",
            "integrity": "sha512-/7+G3478oPHTuNT1qQCN1vdpVAItuiYahWbE+zSsdkQ4O5wKPLO8e7LvOIlCv20jL7ZDCQQr0mr2xZMJK8X8Dg==",
            "funding": [
                {
                    "type": "github",
                    "url": "https://github.com/sponsors/postspectacular"
                },
                {
                    "type": "patreon",
                    "url": "https://patreon.com/thing_umbrella"
                }
            ],
            "license": "Apache-2.0",
            "dependencies": {
                "@thi.ng/api": "^7.2.0"
            }
        },
        "node_modules/@thi.ng/binary/node_modules/@thi.ng/api": {
            "version": "7.2.0",
            "resolved": "https://registry.npmjs.org/@thi.ng/api/-/api-7.2.0.tgz",
            "integrity": "sha512-4NcwHXxwPF/JgJG/jSFd9rjfQNguF0QrHvd6e+CEf4T0sFChqetW6ZmJ6/a2X+noDVntgulegA+Bx0HHzw+Tyw==",
            "funding": [
                {
                    "type": "github",
                    "url": "https://github.com/sponsors/postspectacular"
                },
                {
                    "type": "patreon",
                    "url": "https://patreon.com/thing_umbrella"
                }
            ],
            "license": "Apache-2.0"
        },
        "node_modules/@thi.ng/checks": {
            "version": "2.9.11",
            "resolved": "https://registry.npmjs.org/@thi.ng/checks/-/checks-2.9.11.tgz",
            "integrity": "sha512-fBvWod32w24JlJsrrOdl+tlx+UNehCORi4rHaJ7l7HH+SEhD/lYTCXOBjwu9D/ztIUjMP5Q+n8cAqI5iPhbvAQ==",
            "funding": [
                {
                    "type": "github",
                    "url": "https://github.com/sponsors/postspectacular"
                },
                {
                    "type": "patreon",
                    "url": "https://patreon.com/thing_umbrella"
                }
            ],
            "license": "Apache-2.0",
            "dependencies": {
                "tslib": "^2.3.1"
            }
        },
        "node_modules/@thi.ng/compare": {
            "version": "1.3.34",
            "resolved": "https://registry.npmjs.org/@thi.ng/compare/-/compare-1.3.34.tgz",
            "integrity": "sha512-E+UWhmo8l5yeHDuriPUsfrnk/Mj5kSDNRX7lPfv2zNdAQ7N8UDzc0IXu46U6EpqtCReo+2n5N8qzfD3TjerFRw==",
            "funding": [
                {
                    "type": "github",
                    "url": "https://github.com/sponsors/postspectacular"
                },
                {
                    "type": "patreon",
                    "url": "https://patreon.com/thing_umbrella"
                }
            ],
            "license": "Apache-2.0",
            "dependencies": {
                "@thi.ng/api": "^7.2.0"
            }
        },
        "node_modules/@thi.ng/compare/node_modules/@thi.ng/api": {
            "version": "7.2.0",
            "resolved": "https://registry.npmjs.org/@thi.ng/api/-/api-7.2.0.tgz",
            "integrity": "sha512-4NcwHXxwPF/JgJG/jSFd9rjfQNguF0QrHvd6e+CEf4T0sFChqetW6ZmJ6/a2X+noDVntgulegA+Bx0HHzw+Tyw==",
            "funding": [
                {
                    "type": "github",
                    "url": "https://github.com/sponsors/postspectacular"
                },
                {
                    "type": "patreon",
                    "url": "https://patreon.com/thing_umbrella"
                }
            ],
            "license": "Apache-2.0"
        },
        "node_modules/@thi.ng/compose": {
            "version": "1.4.36",
            "resolved": "https://registry.npmjs.org/@thi.ng/compose/-/compose-1.4.36.tgz",
            "integrity": "sha512-iaij+nAwgeyQTMAiGldAB0dfBBl77kcwJ8HPBFJxDDWsLCS3lIcywTcJPcXxZaL0nw49VJpPrgt0Qw17Q8Y+6g==",
            "funding": [
                {
                    "type": "github",
                    "url": "https://github.com/sponsors/postspectacular"
                },
                {
                    "type": "patreon",
                    "url": "https://patreon.com/thing_umbrella"
                }
            ],
            "license": "Apache-2.0",
            "dependencies": {
                "@thi.ng/api": "^7.2.0",
                "@thi.ng/errors": "^1.3.4"
            }
        },
        "node_modules/@thi.ng/compose/node_modules/@thi.ng/api": {
            "version": "7.2.0",
            "resolved": "https://registry.npmjs.org/@thi.ng/api/-/api-7.2.0.tgz",
            "integrity": "sha512-4NcwHXxwPF/JgJG/jSFd9rjfQNguF0QrHvd6e+CEf4T0sFChqetW6ZmJ6/a2X+noDVntgulegA+Bx0HHzw+Tyw==",
            "funding": [
                {
                    "type": "github",
                    "url": "https://github.com/sponsors/postspectacular"
                },
                {
                    "type": "patreon",
                    "url": "https://patreon.com/thing_umbrella"
                }
            ],
            "license": "Apache-2.0"
        },
        "node_modules/@thi.ng/dcons": {
            "version": "2.3.34",
            "resolved": "https://registry.npmjs.org/@thi.ng/dcons/-/dcons-2.3.34.tgz",
            "integrity": "sha512-NTgwtZsB+3X4Hh3cp1KyY0GFwi/dMoX1FSpJhOhEiOa2REX33O5cryo8FUgSasGC7TeKBlLB9UADI84g+4mNlQ==",
            "funding": [
                {
                    "type": "github",
                    "url": "https://github.com/sponsors/postspectacular"
                },
                {
                    "type": "patreon",
                    "url": "https://patreon.com/thing_umbrella"
                }
            ],
            "license": "Apache-2.0",
            "dependencies": {
                "@thi.ng/api": "^7.2.0",
                "@thi.ng/checks": "^2.9.11",
                "@thi.ng/compare": "^1.3.34",
                "@thi.ng/equiv": "^1.0.45",
                "@thi.ng/errors": "^1.3.4",
                "@thi.ng/random": "^2.4.8",
                "@thi.ng/transducers": "^7.9.2"
            }
        },
        "node_modules/@thi.ng/dcons/node_modules/@thi.ng/api": {
            "version": "7.2.0",
            "resolved": "https://registry.npmjs.org/@thi.ng/api/-/api-7.2.0.tgz",
            "integrity": "sha512-4NcwHXxwPF/JgJG/jSFd9rjfQNguF0QrHvd6e+CEf4T0sFChqetW6ZmJ6/a2X+noDVntgulegA+Bx0HHzw+Tyw==",
            "funding": [
                {
                    "type": "github",
                    "url": "https://github.com/sponsors/postspectacular"
                },
                {
                    "type": "patreon",
                    "url": "https://patreon.com/thing_umbrella"
                }
            ],
            "license": "Apache-2.0"
        },
        "node_modules/@thi.ng/dot": {
            "version": "1.2.38",
            "resolved": "https://registry.npmjs.org/@thi.ng/dot/-/dot-1.2.38.tgz",
            "integrity": "sha512-Zg2S0NwG+xzSWdFRDoTnEa16/HTemYy1ueSJWM6/touEZqXJmfL4I5osangt/jz2oGwkCY8O+OTW4xk2kTZr7w==",
            "funding": [
                {
                    "type": "github",
                    "url": "https://github.com/sponsors/postspectacular"
                },
                {
                    "type": "patreon",
                    "url": "https://patreon.com/thing_umbrella"
                }
            ],
            "license": "Apache-2.0",
            "dependencies": {
                "@thi.ng/api": "^7.2.0",
                "@thi.ng/checks": "^2.9.11"
            }
        },
        "node_modules/@thi.ng/dot/node_modules/@thi.ng/api": {
            "version": "7.2.0",
            "resolved": "https://registry.npmjs.org/@thi.ng/api/-/api-7.2.0.tgz",
            "integrity": "sha512-4NcwHXxwPF/JgJG/jSFd9rjfQNguF0QrHvd6e+CEf4T0sFChqetW6ZmJ6/a2X+noDVntgulegA+Bx0HHzw+Tyw==",
            "funding": [
                {
                    "type": "github",
                    "url": "https://github.com/sponsors/postspectacular"
                },
                {
                    "type": "patreon",
                    "url": "https://patreon.com/thing_umbrella"
                }
            ],
            "license": "Apache-2.0"
        },
        "node_modules/@thi.ng/egf": {
            "version": "0.3.0",
            "resolved": "https://registry.npmjs.org/@thi.ng/egf/-/egf-0.3.0.tgz",
            "integrity": "sha512-wRydTPuZv5oB4w7T+MGo8ERjn/BMMi54E1WeB0heY1rQIqLenbfowiGCvlqgTsNJa+LcQ/iO/SS2O3JP7oOnHw==",
            "license": "Apache-2.0",
            "dependencies": {
                "@thi.ng/api": "^6.13.1",
                "@thi.ng/associative": "^5.0.7",
                "@thi.ng/checks": "^2.7.9",
                "@thi.ng/dot": "^1.2.18",
                "@thi.ng/errors": "^1.2.22",
                "@thi.ng/prefixes": "^0.1.6",
                "@thi.ng/strings": "^1.10.0",
                "@thi.ng/transducers-binary": "^0.5.30"
            },
            "funding": {
                "type": "patreon",
                "url": "https://patreon.com/thing_umbrella"
            }
        },
        "node_modules/@thi.ng/equiv": {
            "version": "1.0.45",
            "resolved": "https://registry.npmjs.org/@thi.ng/equiv/-/equiv-1.0.45.tgz",
            "integrity": "sha512-tdXaJfF0pFvT80Q7BOlhc7H7ja/RbVGzlGpE4LqjDWfXPPbLYwmq6EbQuHWeXuvT0qe+BsGnuO5UXAR5B8oGGQ==",
            "funding": [
                {
                    "type": "github",
                    "url": "https://github.com/sponsors/postspectacular"
                },
                {
                    "type": "patreon",
                    "url": "https://patreon.com/thing_umbrella"
                }
            ],
            "license": "Apache-2.0"
        },
        "node_modules/@thi.ng/errors": {
            "version": "1.3.4",
            "resolved": "https://registry.npmjs.org/@thi.ng/errors/-/errors-1.3.4.tgz",
            "integrity": "sha512-hTk71OPKnioN349sdj2DAoY+69eSerB3MN4Zwz6mosr1QFzIMkfkNOtBeC+Gm0yi0V0EY5LeBYFgqb3oXbtTbw==",
            "funding": [
                {
                    "type": "github",
                    "url": "https://github.com/sponsors/postspectacular"
                },
                {
                    "type": "patreon",
                    "url": "https://patreon.com/thing_umbrella"
                }
            ],
            "license": "Apache-2.0"
        },
        "node_modules/@thi.ng/hex": {
            "version": "1.0.4",
            "resolved": "https://registry.npmjs.org/@thi.ng/hex/-/hex-1.0.4.tgz",
            "integrity": "sha512-9ofIG4nXhEskGeOJthpi/9LXFIPrlZ/MmHpgLWa3wNqTVhODP/o++mu9jDKojHEpKvswkkFCE+mSVmMu8xo4mQ==",
            "funding": [
                {
                    "type": "github",
                    "url": "https://github.com/sponsors/postspectacular"
                },
                {
                    "type": "patreon",
                    "url": "https://patreon.com/thing_umbrella"
                }
            ],
            "license": "Apache-2.0"
        },
        "node_modules/@thi.ng/math": {
            "version": "4.0.6",
            "resolved": "https://registry.npmjs.org/@thi.ng/math/-/math-4.0.6.tgz",
            "integrity": "sha512-MCXMW9Bzlgt8uqOkz1UB+gTvnB1viK5R/5c+z/1lmH2/rFa5TY8TKAByCsr1P+Rc+F7AbFoJlefFMSS7f5CDlg==",
            "funding": [
                {
                    "type": "github",
                    "url": "https://github.com/sponsors/postspectacular"
                },
                {
                    "type": "patreon",
                    "url": "https://patreon.com/thing_umbrella"
                }
            ],
            "license": "Apache-2.0",
            "dependencies": {
                "@thi.ng/api": "^7.2.0"
            }
        },
        "node_modules/@thi.ng/math/node_modules/@thi.ng/api": {
            "version": "7.2.0",
            "resolved": "https://registry.npmjs.org/@thi.ng/api/-/api-7.2.0.tgz",
            "integrity": "sha512-4NcwHXxwPF/JgJG/jSFd9rjfQNguF0QrHvd6e+CEf4T0sFChqetW6ZmJ6/a2X+noDVntgulegA+Bx0HHzw+Tyw==",
            "funding": [
                {
                    "type": "github",
                    "url": "https://github.com/sponsors/postspectacular"
                },
                {
                    "type": "patreon",
                    "url": "https://patreon.com/thing_umbrella"
                }
            ],
            "license": "Apache-2.0"
        },
        "node_modules/@thi.ng/memoize": {
            "version": "2.1.21",
            "resolved": "https://registry.npmjs.org/@thi.ng/memoize/-/memoize-2.1.21.tgz",
            "integrity": "sha512-QbVI8DBMhSxzxgvw9me3Xcgib+fmGxyYCRr8s6U2JJ9mUCWYjPntNoXYVIEKycECvOinDO9jk/pg6PocmYfRew==",
            "funding": [
                {
                    "type": "github",
                    "url": "https://github.com/sponsors/postspectacular"
                },
                {
                    "type": "patreon",
                    "url": "https://patreon.com/thing_umbrella"
                }
            ],
            "license": "Apache-2.0",
            "dependencies": {
                "@thi.ng/api": "^7.2.0"
            }
        },
        "node_modules/@thi.ng/memoize/node_modules/@thi.ng/api": {
            "version": "7.2.0",
            "resolved": "https://registry.npmjs.org/@thi.ng/api/-/api-7.2.0.tgz",
            "integrity": "sha512-4NcwHXxwPF/JgJG/jSFd9rjfQNguF0QrHvd6e+CEf4T0sFChqetW6ZmJ6/a2X+noDVntgulegA+Bx0HHzw+Tyw==",
            "funding": [
                {
                    "type": "github",
                    "url": "https://github.com/sponsors/postspectacular"
                },
                {
                    "type": "patreon",
                    "url": "https://patreon.com/thing_umbrella"
                }
            ],
            "license": "Apache-2.0"
        },
        "node_modules/@thi.ng/prefixes": {
            "version": "0.1.20",
            "resolved": "https://registry.npmjs.org/@thi.ng/prefixes/-/prefixes-0.1.20.tgz",
            "integrity": "sha512-FNisCvyka5IMnDmXqrwexF0GC6+Zo9sXltr9IZEO4eAoVNx5b2p60v219ejmGJwLnO6ZnDPKf5ivV+ec/3SdIw==",
            "funding": [
                {
                    "type": "github",
                    "url": "https://github.com/sponsors/postspectacular"
                },
                {
                    "type": "patreon",
                    "url": "https://patreon.com/thing_umbrella"
                }
            ],
            "license": "Apache-2.0"
        },
        "node_modules/@thi.ng/random": {
            "version": "2.4.8",
            "resolved": "https://registry.npmjs.org/@thi.ng/random/-/random-2.4.8.tgz",
            "integrity": "sha512-4JJB8zbaPxjlAp1kCqsBbs6eN4Ivd/5fs1e4GlvmNkyGSucHIDTWvw6NnQWqUx2oPaAEDB9CFCH7SOcGC/cwkw==",
            "funding": [
                {
                    "type": "github",
                    "url": "https://github.com/sponsors/postspectacular"
                },
                {
                    "type": "patreon",
                    "url": "https://patreon.com/thing_umbrella"
                }
            ],
            "license": "Apache-2.0",
            "dependencies": {
                "@thi.ng/api": "^7.2.0",
                "@thi.ng/checks": "^2.9.11",
                "@thi.ng/hex": "^1.0.4"
            }
        },
        "node_modules/@thi.ng/random/node_modules/@thi.ng/api": {
            "version": "7.2.0",
            "resolved": "https://registry.npmjs.org/@thi.ng/api/-/api-7.2.0.tgz",
            "integrity": "sha512-4NcwHXxwPF/JgJG/jSFd9rjfQNguF0QrHvd6e+CEf4T0sFChqetW6ZmJ6/a2X+noDVntgulegA+Bx0HHzw+Tyw==",
            "funding": [
                {
                    "type": "github",
                    "url": "https://github.com/sponsors/postspectacular"
                },
                {
                    "type": "patreon",
                    "url": "https://patreon.com/thing_umbrella"
                }
            ],
            "license": "Apache-2.0"
        },
        "node_modules/@thi.ng/strings": {
            "version": "1.15.6",
            "resolved": "https://registry.npmjs.org/@thi.ng/strings/-/strings-1.15.6.tgz",
            "integrity": "sha512-OXIZ5adyRO987eYw1Ux5rLnMubV/M6BpDI5KazdydT1yXGaF0lLMH7L/Wr0qFu/zhWs0Tn4XygGx6mfQUdas+g==",
            "funding": [
                {
                    "type": "github",
                    "url": "https://github.com/sponsors/postspectacular"
                },
                {
                    "type": "patreon",
                    "url": "https://patreon.com/thing_umbrella"
                }
            ],
            "license": "Apache-2.0",
            "dependencies": {
                "@thi.ng/api": "^7.1.4",
                "@thi.ng/errors": "^1.3.0",
                "@thi.ng/hex": "^0.2.5",
                "@thi.ng/memoize": "^2.1.14"
            }
        },
        "node_modules/@thi.ng/strings/node_modules/@thi.ng/api": {
            "version": "7.2.0",
            "resolved": "https://registry.npmjs.org/@thi.ng/api/-/api-7.2.0.tgz",
            "integrity": "sha512-4NcwHXxwPF/JgJG/jSFd9rjfQNguF0QrHvd6e+CEf4T0sFChqetW6ZmJ6/a2X+noDVntgulegA+Bx0HHzw+Tyw==",
            "funding": [
                {
                    "type": "github",
                    "url": "https://github.com/sponsors/postspectacular"
                },
                {
                    "type": "patreon",
                    "url": "https://patreon.com/thing_umbrella"
                }
            ],
            "license": "Apache-2.0"
        },
        "node_modules/@thi.ng/strings/node_modules/@thi.ng/hex": {
            "version": "0.2.7",
            "resolved": "https://registry.npmjs.org/@thi.ng/hex/-/hex-0.2.7.tgz",
            "integrity": "sha512-AVp/NLK2dAEKq8V/IUNyReLiIPBwCrzCHWg+16wL2nXiEAZ0Cbh8D5ZZgLGR19qCNSo8P/r7cQN01hNEqIglLQ==",
            "funding": [
                {
                    "type": "github",
                    "url": "https://github.com/sponsors/postspectacular"
                },
                {
                    "type": "patreon",
                    "url": "https://patreon.com/thing_umbrella"
                }
            ],
            "license": "Apache-2.0"
        },
        "node_modules/@thi.ng/transducers": {
            "version": "7.9.2",
            "resolved": "https://registry.npmjs.org/@thi.ng/transducers/-/transducers-7.9.2.tgz",
            "integrity": "sha512-FrC0cCdaQZ9di2sbLbwkQaweLUEvpaSVSwdbEhS77Pn/uoyZe+U+SnBAoyxKFgXHImtBpKFxu8Zd0is3ogrKNQ==",
            "funding": [
                {
                    "type": "github",
                    "url": "https://github.com/sponsors/postspectacular"
                },
                {
                    "type": "patreon",
                    "url": "https://patreon.com/thing_umbrella"
                }
            ],
            "license": "Apache-2.0",
            "dependencies": {
                "@thi.ng/api": "^7.2.0",
                "@thi.ng/arrays": "^1.0.3",
                "@thi.ng/checks": "^2.9.11",
                "@thi.ng/compare": "^1.3.34",
                "@thi.ng/compose": "^1.4.36",
                "@thi.ng/errors": "^1.3.4",
                "@thi.ng/math": "^4.0.6",
                "@thi.ng/random": "^2.4.8"
            }
        },
        "node_modules/@thi.ng/transducers-binary": {
            "version": "0.5.33",
            "resolved": "https://registry.npmjs.org/@thi.ng/transducers-binary/-/transducers-binary-0.5.33.tgz",
            "integrity": "sha512-KZAeuKoLW5OXuaWc79ulinvbZDeT3HfywP35t4EsU+qf+bmw2L763wztcF2t3SUBxrmBx6lUQ+UGxlZdsFON5A==",
            "funding": [
                {
                    "type": "github",
                    "url": "https://github.com/sponsors/postspectacular"
                },
                {
                    "type": "patreon",
                    "url": "https://patreon.com/thing_umbrella"
                }
            ],
            "license": "Apache-2.0",
            "dependencies": {
                "@thi.ng/binary": "^2.0.19",
                "@thi.ng/compose": "^1.4.21",
                "@thi.ng/errors": "^1.2.24",
                "@thi.ng/hex": "^0.1.1",
                "@thi.ng/random": "^2.1.2",
                "@thi.ng/transducers": "^7.5.2"
            }
        },
        "node_modules/@thi.ng/transducers-binary/node_modules/@thi.ng/hex": {
            "version": "0.1.3",
            "resolved": "https://registry.npmjs.org/@thi.ng/hex/-/hex-0.1.3.tgz",
            "integrity": "sha512-TPexHY7kHeDwZDooW8pv/uVBbqE841hstLrtZdtJk7FRbG5zpceTLbbxAtbX3pEbfEaTSn/lArt2aMjAmatsBw==",
            "funding": [
                {
                    "type": "github",
                    "url": "https://github.com/sponsors/postspectacular"
                },
                {
                    "type": "patreon",
                    "url": "https://patreon.com/thing_umbrella"
                }
            ],
            "license": "Apache-2.0"
        },
        "node_modules/@thi.ng/transducers/node_modules/@thi.ng/api": {
            "version": "7.2.0",
            "resolved": "https://registry.npmjs.org/@thi.ng/api/-/api-7.2.0.tgz",
            "integrity": "sha512-4NcwHXxwPF/JgJG/jSFd9rjfQNguF0QrHvd6e+CEf4T0sFChqetW6ZmJ6/a2X+noDVntgulegA+Bx0HHzw+Tyw==",
            "funding": [
                {
                    "type": "github",
                    "url": "https://github.com/sponsors/postspectacular"
                },
                {
                    "type": "patreon",
                    "url": "https://patreon.com/thing_umbrella"
                }
            ],
            "license": "Apache-2.0"
        },
        "node_modules/tslib": {
            "version": "2.8.1",
            "resolved": "https://registry.npmjs.org/tslib/-/tslib-2.8.1.tgz",
            "integrity": "sha512-oJFu94HQb+KVduSUQL7wnpmqnfmLsOA/nAh6b6EH0wCEoK0/mPeXU6c3wKDV83MkOuHPRHtSXKKU99IBazS/2w==",
            "license": "0BSD"
        }
    }
}
