{
  "name": "printer-0.0.1",
  "lockfileVersion": 3,
  "requires": true,
  "packages": {
    "": {
      "dependencies": {
        "printer": "0.0.1"
      }
    },
    "node_modules/printer": {
      "version": "0.0.1",
      "resolved": "https://registry.npmjs.org/printer/-/printer-0.0.1.tgz",
      "integrity": "sha512-od0MppjMLlQbRlI8Xiwh45JophHgxJyFCpqT2/R/2tMuLtRbdtao8JJmJFXrj/mmmyftiqdyySc4ASfiZkYz1A==",
      "hasInstallScript": true,
      "engines": {
        "node": ">= 0.8.0 && < 0.9.0"
      }
    }
  }
}
