{
  "name": "git-archive-0.1.4",
  "lockfileVersion": 3,
  "requires": true,
  "packages": {
    "": {
      "dependencies": {
        "git-archive": "0.1.4"
      }
    },
    "node_modules/assertion-error": {
      "version": "1.0.0",
      "resolved": "https://registry.npmjs.org/assertion-error/-/assertion-error-1.0.0.tgz",
      "integrity": "sha512-g/gZV+G476cnmtYI+Ko9d5khxSoCSoom/EaNmmCfwpOvBXEJ18qwFrxfP1/CsIqk2no1sAKKwxndV0tP7ROOFQ==",
      "license": "MIT",
      "engines": {
        "node": "*"
      }
    },
    "node_modules/chai": {
      "version": "1.7.2",
      "resolved": "https://registry.npmjs.org/chai/-/chai-1.7.2.tgz",
      "integrity": "sha512-iTItmoMR+S+g8g0xU7db2mrr2LeLMJ6Y+YJwJEOUSaVTzm6qyTBfj5r+5x+XQhlXUfVn6WfFS4sXpEtMg6Qwaw==",
      "license": "MIT",
      "dependencies": {
        "assertion-error": "1.0.0"
      },
      "engines": {
        "node": ">= 0.4.0"
      }
    },
    "node_modules/error-adapter": {
      "version": "0.0.1",
      "resolved": "https://registry.npmjs.org/error-adapter/-/error-adapter-0.0.1.tgz",
      "integrity": "sha512-AzKUYzrZZRjteJ8EXmQZkG89EMq5JPV4lV5jSW9I76ZJoodSS6M9lButPb8DMtkEzrQU8Ql9Q/5TK5nis85mxw==",
      "license": "MIT",
      "dependencies": {
        "errs": "~0.2.4"
      }
    },
    "node_modules/errs": {
      "version": "0.2.4",
      "resolved": "https://registry.npmjs.org/errs/-/errs-0.2.4.tgz",
      "integrity": "sha512-btTuvM73tHesc12VR/AcJW42s4pUOtXXjufHQIwlv80kvtBFjNBj52fs5+rrU7onVlI1kFoT+b/rBAbEaq+z2Q==",
      "engines": {
        "node": ">= 0.4.0"
      }
    },
    "node_modules/git-archive": {
      "version": "0.1.4",
      "resolved": "https://registry.npmjs.org/git-archive/-/git-archive-0.1.4.tgz",
      "integrity": "sha512-Di6zABsNtfMUZ1s3UpsyyUARjRd42nOssiAjov3c0uSlshqn+1kLvV9zdiqr4q0iMN7irWsigQB41vVUHdlWHg==",
      "license": "BSD",
      "dependencies": {
        "chai": "~1.7.2",
        "error-adapter": "0.0.1",
        "q": "~0.9.7",
        "temp": "~0.5.1"
      }
    },
    "node_modules/graceful-fs": {
      "version": "1.2.3",
      "resolved": "https://registry.npmjs.org/graceful-fs/-/graceful-fs-1.2.3.tgz",
      "integrity": "sha512-iiTUZ5vZ+2ZV+h71XAgwCSu6+NAizhFU3Yw8aC/hH5SQ3SnISqEqAek40imAFGtDcwJKNhXvSY+hzIolnLwcdQ==",
      "deprecated": "please upgrade to graceful-fs 4 for compatibility with current and future versions of Node.js",
      "license": "BSD",
      "optional": true,
      "engines": {
        "node": ">=0.4.0"
      }
    },
    "node_modules/q": {
      "version": "0.9.7",
      "resolved": "https://registry.npmjs.org/q/-/q-0.9.7.tgz",
      "integrity": "sha512-ijt0LhxWClXBtc1RCt8H0WhlZLAdVX26nWbpsJy+Hblmp81d2F/pFsvlrJhJDDruFHM+ECtxP0H0HzGSrARkwg==",
      "deprecated": "You or someone you depend on is using Q, the JavaScript Promise library that gave JavaScript developers strong feelings about promises. They can almost certainly migrate to the native JavaScript promise now. Thank you literally everyone for joining me in this bet against the odds. Be excellent to each other.\n\n(For a CapTP with native promises, see @endo/eventual-send and @endo/captp)",
      "license": "MIT",
      "engines": {
        "node": ">=0.6.0",
        "teleport": ">=0.2.0"
      }
    },
    "node_modules/rimraf": {
      "version": "2.1.4",
      "resolved": "https://registry.npmjs.org/rimraf/-/rimraf-2.1.4.tgz",
      "integrity": "sha512-tzwmX16YQhcFu0T/m0gHBcFKx6yQAg77Z6WWaQSJsUekXYa6yaAmHhrDdmFicgauX/er7GsdN+vRao3mBhA4kQ==",
      "deprecated": "Rimraf versions prior to v4 are no longer supported",
      "license": "MIT",
      "optionalDependencies": {
        "graceful-fs": "~1"
      }
    },
    "node_modules/temp": {
      "version": "0.5.1",
      "resolved": "https://registry.npmjs.org/temp/-/temp-0.5.1.tgz",
      "integrity": "sha512-Gwc1QWGkf3f3d0y8wNyC9uvVqAsmVdUMPzdiLJDNVAHhlxZmSWlvVZAk1LmZcBuYcmhvJ0oHDVHksghU3VI/0w==",
      "engines": [
        "node >=0.8.0"
      ],
      "dependencies": {
        "rimraf": "~2.1.4"
      }
    }
  }
}
