{
  "name": "node-mpv-0.12.2",
  "lockfileVersion": 3,
  "requires": true,
  "packages": {
    "": {
      "dependencies": {
        "node-mpv": "0.12.2"
      }
    },
    "node_modules/lodash": {
      "version": "4.18.1",
      "resolved": "https://registry.npmjs.org/lodash/-/lodash-4.18.1.tgz",
      "integrity": "sha512-dMInicTPVE8d1e5otfwmmjlxkZoUpiVLwyeTdUsi/Caj/gfzzblBcCE5sRHV/AsjuCmxWrte2TNGSYuCeCq+0Q==",
      "license": "MIT"
    },
    "node_modules/node-mpv": {
      "version": "0.12.2",
      "resolved": "https://registry.npmjs.org/node-mpv/-/node-mpv-0.12.2.tgz",
      "integrity": "sha512-uJvO2I0ps0UbFAaGP0YXDebjNZBxPchD8kwUAEwTBBVFqWuhG0hRsHr5nOuDOlUpyHKZKjj9TjiqH7beZuGexQ==",
      "dependencies": {
        "lodash": ">= 4.0.0"
      }
    }
  }
}
