{
    "name": "roar-pidusage-1.1.6",
    "lockfileVersion": 3,
    "requires": true,
    "packages": {
        "": {
            "dependencies": {
                "roar-pidusage": "1.1.6"
            }
        },
        "node_modules/roar-pidusage": {
            "version": "1.1.6",
            "resolved": "https://registry.npmjs.org/roar-pidusage/-/roar-pidusage-1.1.6.tgz",
            "integrity": "sha512-lyS9swHPuqUjqlw6pZr4uOr5D8GPP/RiWpfGCE8xnoBcgmLjEKPhSwC/nGdYz2wxHn0G0WSrjGHjRDqf5A6uoQ==",
            "license": "MIT"
        }
    }
}
