{
    "name": "reduce-css-calc-1.2.4",
    "lockfileVersion": 3,
    "requires": true,
    "packages": {
        "": {
            "dependencies": {
                "reduce-css-calc": "1.2.4"
            }
        },
        "node_modules/balanced-match": {
            "version": "0.1.0",
            "resolved": "https://registry.npmjs.org/balanced-match/-/balanced-match-0.1.0.tgz",
            "integrity": "sha512-4xb6XqAEo3Z+5pEDJz33R8BZXI8FRJU+cDNLdKgDpmnz+pKKRVYLpdv+VvUAC7yUhBMj4izmyt19eCGv1QGV7A==",
            "license": "MIT"
        },
        "node_modules/reduce-css-calc": {
            "version": "1.2.4",
            "resolved": "https://registry.npmjs.org/reduce-css-calc/-/reduce-css-calc-1.2.4.tgz",
            "integrity": "sha512-NCFoNUZVlTqaa8pwoRYWFhj3k8RqG0B8BFCK1r9yO4zqeyj01Y1A0QknqqGFQwTyxwJXBU3Oms3JP4UN7qobeQ==",
            "deprecated": "Please update to reduce-css-calc 1.2.5 or higher to avoid an arbitrary code execution issue",
            "license": "MIT",
            "dependencies": {
                "balanced-match": "^0.1.0",
                "reduce-function-call": "^1.0.1"
            }
        },
        "node_modules/reduce-function-call": {
            "version": "1.0.3",
            "resolved": "https://registry.npmjs.org/reduce-function-call/-/reduce-function-call-1.0.3.tgz",
            "integrity": "sha512-Hl/tuV2VDgWgCSEeWMLwxLZqX7OK59eU1guxXsRKTAyeYimivsKdtcV4fu3r710tpG5GmDKDhQ0HSZLExnNmyQ==",
            "license": "MIT",
            "dependencies": {
                "balanced-match": "^1.0.0"
            }
        },
        "node_modules/reduce-function-call/node_modules/balanced-match": {
            "version": "1.0.2",
            "resolved": "https://registry.npmjs.org/balanced-match/-/balanced-match-1.0.2.tgz",
            "integrity": "sha512-3oSeUO0TMV67hN1AmbXsK4yaqU7tjiHlbxRDZOpH0KW9+CeX4bRAaX0Anxt0tx2MrpRpWwQaPwIlISEJhYU5Pw==",
            "license": "MIT"
        }
    }
}
