{
	"name": "mobile-icon-resizer-0.4.2",
	"lockfileVersion": 3,
	"requires": true,
	"packages": {
		"": {
			"dependencies": {
				"mobile-icon-resizer": "0.4.2"
			}
		},
		"node_modules/async": {
			"version": "0.2.10",
			"resolved": "https://registry.npmjs.org/async/-/async-0.2.10.tgz",
			"integrity": "sha512-eAkdoKxU6/LkKDBzLpT+t6Ff5EtfSF4wx1WfJiPEEV7WNLnDaRXk0oVysiEPm262roaachGexwUv94WhSgN5TQ=="
		},
		"node_modules/image-size": {
			"version": "0.2.5",
			"resolved": "https://registry.npmjs.org/image-size/-/image-size-0.2.5.tgz",
			"integrity": "sha512-mHHboA4XPJoPLTYocpZF9q+2sDHMpMFoxWStAvtvD0iBNwabftMcd/kNLG6n4staesDMVxHSG8h4R5Lhubiw8w==",
			"license": "MIT",
			"bin": {
				"image-size": "bin/image-size"
			},
			"engines": {
				"node": ">=0.8.0"
			}
		},
		"node_modules/minimist": {
			"version": "0.0.10",
			"resolved": "https://registry.npmjs.org/minimist/-/minimist-0.0.10.tgz",
			"integrity": "sha512-iotkTvxc+TwOm5Ieim8VnSNvCDjCK9S8G3scJ50ZthspSxa7jx50jkhYduuAtAjvfDUwSgOwf8+If99AlOEhyw==",
			"license": "MIT"
		},
		"node_modules/mkdirp": {
			"version": "0.3.5",
			"resolved": "https://registry.npmjs.org/mkdirp/-/mkdirp-0.3.5.tgz",
			"integrity": "sha512-8OCq0De/h9ZxseqzCH8Kw/Filf5pF/vMI6+BH7Lu0jXz2pqYCjTAQRolSxRIi+Ax+oCCjlxoJMP0YQ4XlrQNHg==",
			"deprecated": "Legacy versions of mkdirp are no longer supported. Please update to mkdirp 1.x. (Note that the API surface has changed to use Promises in 1.x.)",
			"license": "MIT"
		},
		"node_modules/mobile-icon-resizer": {
			"version": "0.4.2",
			"resolved": "https://registry.npmjs.org/mobile-icon-resizer/-/mobile-icon-resizer-0.4.2.tgz",
			"integrity": "sha512-7ernXOPXDePke1G2k2pGD0PKoW+j3y5jWrxTJRS6UDIUDsTS86Sjfhh6fGLNEP9CuPCnn4ELdT5kU4DQ3H5uMg==",
			"license": "ISC",
			"dependencies": {
				"async": "~0.2.10",
				"image-size": "~0.2.3",
				"mkdirp": "~0.3.5",
				"optimist": "~0.6.1"
			},
			"bin": {
				"mobile-icon-resizer": "resize.js"
			}
		},
		"node_modules/optimist": {
			"version": "0.6.1",
			"resolved": "https://registry.npmjs.org/optimist/-/optimist-0.6.1.tgz",
			"integrity": "sha512-snN4O4TkigujZphWLN0E//nQmm7790RYaE53DdL7ZYwee2D8DDo9/EyYiKUfN3rneWUjhJnueija3G9I2i0h3g==",
			"license": "MIT/X11",
			"dependencies": {
				"minimist": "~0.0.1",
				"wordwrap": "~0.0.2"
			}
		},
		"node_modules/wordwrap": {
			"version": "0.0.3",
			"resolved": "https://registry.npmjs.org/wordwrap/-/wordwrap-0.0.3.tgz",
			"integrity": "sha512-1tMA907+V4QmxV7dbRvb4/8MaRALK6q9Abid3ndMYnbyo8piisCmeONVqVSXqQA3KaP4SLt5b7ud6E2sqP8TFw==",
			"license": "MIT",
			"engines": {
				"node": ">=0.4.0"
			}
		}
	}
}
