{
	"name": "umount-1.1.6",
	"lockfileVersion": 3,
	"requires": true,
	"packages": {
		"": {
			"dependencies": {
				"umount": "1.1.6"
			}
		},
		"node_modules/lodash": {
			"version": "4.17.23",
			"resolved": "https://registry.npmjs.org/lodash/-/lodash-4.17.23.tgz",
			"integrity": "sha512-LgVTMpQtIopCi79SJeDiP0TfWi5CNEc/L/aRdTh3yIvmZXTnheWpKjSZhnvMl8iXbC1tFg9gdHHDMLoV7CnG+w==",
			"license": "MIT"
		},
		"node_modules/umount": {
			"version": "1.1.6",
			"resolved": "https://registry.npmjs.org/umount/-/umount-1.1.6.tgz",
			"integrity": "sha512-wgErDd0ZUXQ4mx418f3Uqz2ubPSIhQtI1oz8Vv9SCT2nIiHsAWvq2Uznk8RSoLqqTnN+jxv1L+aABD8h6IWGgw==",
			"license": "MIT",
			"dependencies": {
				"lodash": "~4.17.4"
			}
		}
	}
}
