{
	"name": "npm-help-1.0.0",
	"lockfileVersion": 3,
	"requires": true,
	"packages": {
		"": {
			"dependencies": {
				"npm-help": "1.0.0"
			}
		},
		"node_modules/npm-help": {
			"version": "1.0.0",
			"resolved": "https://registry.npmjs.org/npm-help/-/npm-help-1.0.0.tgz",
			"integrity": "sha512-Iv3c0AaZDVVm/WTL1cXtrarNQQ6Qjmrprd/Q+t6gGHwTbln2c2wZHPolCL9oljwLfICp69HBpKRqvInaP8CxBQ==",
			"license": "ISC",
			"dependencies": {
				"semver": "^5.1.0"
			}
		},
		"node_modules/semver": {
			"version": "5.7.2",
			"resolved": "https://registry.npmjs.org/semver/-/semver-5.7.2.tgz",
			"integrity": "sha512-cBznnQ9KjJqU67B52RMC65CMarK2600WFnbkcaiwWq3xy/5haFJlshgnpjovMVJ+Hff49d8GEn0b87C5pDQ10g==",
			"license": "ISC",
			"bin": {
				"semver": "bin/semver"
			}
		}
	}
}
