{
  "name": "rpi-0.0.3",
  "lockfileVersion": 3,
  "requires": true,
  "packages": {
    "": {
      "dependencies": {
        "rpi": "0.0.3"
      }
    },
    "node_modules/rpi": {
      "version": "0.0.3",
      "resolved": "https://registry.npmjs.org/rpi/-/rpi-0.0.3.tgz",
      "integrity": "sha512-MYaRB0N6kixT5HPN/cVP9zoPuaFMSLnbWiG5+Ahusny88KCcMGKjRjGUB5GFP/81HVS2hHr0QpZXjGkMgDk5RQ==",
      "license": "MIT"
    }
  }
}
