{
  "name": "jscover-1.0.0",
  "lockfileVersion": 3,
  "requires": true,
  "packages": {
    "": {
      "dependencies": {
        "jscover": "1.0.0"
      }
    },
    "node_modules/debug": {
      "version": "0.7.0",
      "resolved": "https://registry.npmjs.org/debug/-/debug-0.7.0.tgz",
      "integrity": "sha512-UWZnvGiX9tQgtrsA+mhGLKnUFvr1moempl9IvqQKyFnEgN0T4kpCE+KJcqTLcVxQjRVRnLF3VSE1Hchki5N98g==",
      "engines": {
        "node": "*"
      }
    },
    "node_modules/fs-extra": {
      "version": "0.3.1",
      "resolved": "https://registry.npmjs.org/fs-extra/-/fs-extra-0.3.1.tgz",
      "integrity": "sha512-pP4bxXg0CIg722dq3s8EtgEnP96oeMLxfc/tPksG9hZqYr4EN8X+oMoeMa2yqRtlEQVNHpieowzXlkgy4DU+3w==",
      "dependencies": {
        "jsonfile": "0.0.x",
        "mkdirp": "0.3.x",
        "ncp": "0.2.x",
        "rimraf": "~2.0.2"
      }
    },
    "node_modules/graceful-fs": {
      "version": "1.1.14",
      "resolved": "https://registry.npmjs.org/graceful-fs/-/graceful-fs-1.1.14.tgz",
      "integrity": "sha512-JUrvoFoQbLZpOZilKTXZX2e1EV0DTnuG5vsRFNFv4mPf/mnYbwNAFw/5x0rxeyaJslIdObGSgTTsMnM/acRaVw==",
      "deprecated": "please upgrade to graceful-fs 4 for compatibility with current and future versions of Node.js",
      "license": "BSD",
      "optional": true,
      "engines": {
        "node": ">=0.4.0"
      }
    },
    "node_modules/jscover": {
      "version": "1.0.0",
      "resolved": "https://registry.npmjs.org/jscover/-/jscover-1.0.0.tgz",
      "integrity": "sha512-Udl33+PNfe937VU6C8wufX68HRx3yyGBKapznsWo3EQWx02Y8XoOWZZ0U6zhHtovS/t6Tyy9a/sAVbUEsJ70Wg==",
      "license": "MIT",
      "dependencies": {
        "debug": "0.7.0",
        "fs-extra": "0.3.1",
        "ndir": "0.1.5"
      },
      "bin": {
        "jscover": "bin/jscover"
      }
    },
    "node_modules/jsonfile": {
      "version": "0.0.1",
      "resolved": "https://registry.npmjs.org/jsonfile/-/jsonfile-0.0.1.tgz",
      "integrity": "sha512-exg1z4OyWfLfB05WCTNg+PB8MBSEBnRoRU6MjnE+GXRba1P2wfAvB0ISUWJM2Ve3M6JJlNHBJ4nFXEzjji/4HQ=="
    },
    "node_modules/mkdirp": {
      "version": "0.3.5",
      "resolved": "https://registry.npmjs.org/mkdirp/-/mkdirp-0.3.5.tgz",
      "integrity": "sha512-8OCq0De/h9ZxseqzCH8Kw/Filf5pF/vMI6+BH7Lu0jXz2pqYCjTAQRolSxRIi+Ax+oCCjlxoJMP0YQ4XlrQNHg==",
      "deprecated": "Legacy versions of mkdirp are no longer supported. Please update to mkdirp 1.x. (Note that the API surface has changed to use Promises in 1.x.)",
      "license": "MIT"
    },
    "node_modules/ncp": {
      "version": "0.2.7",
      "resolved": "https://registry.npmjs.org/ncp/-/ncp-0.2.7.tgz",
      "integrity": "sha512-wPUepcV37u3Mw+ktjrUbl3azxwAkcD9RrVLQGlpSapWcEQM5jL0g8zwKo6ukOjVQAAEjqpRdLeojOalqqySpCg==",
      "license": "MIT",
      "bin": {
        "ncp": "bin/ncp"
      }
    },
    "node_modules/ndir": {
      "version": "0.1.5",
      "resolved": "https://registry.npmjs.org/ndir/-/ndir-0.1.5.tgz",
      "integrity": "sha512-GEdViSiVHi63HASUGaQXNBbUNe5KDnuAYvOGBlY7y+CCCRT3NBeMWQlODb2GVV2cKwEIwHzo9KOCMsPBXlKsOg==",
      "license": "MIT",
      "engines": {
        "node": ">= 0.4"
      }
    },
    "node_modules/rimraf": {
      "version": "2.0.3",
      "resolved": "https://registry.npmjs.org/rimraf/-/rimraf-2.0.3.tgz",
      "integrity": "sha512-uR09PSoW2+1hW0hquRqxb+Ae2h6R5ls3OAy2oNekQFtqbSJkltkhKRa+OhZKoxWsN9195Gp1vg7sELDRoJ8a3w==",
      "deprecated": "Rimraf versions prior to v4 are no longer supported",
      "license": "MIT",
      "optionalDependencies": {
        "graceful-fs": "~1.1"
      }
    }
  }
}
