{
	"name": "google-cloudstorage-commands-0.0.1",
	"lockfileVersion": 3,
	"requires": true,
	"packages": {
		"": {
			"dependencies": {
				"google-cloudstorage-commands": "0.0.1"
			}
		},
		"node_modules/google-cloudstorage-commands": {
			"version": "0.0.1",
			"resolved": "https://registry.npmjs.org/google-cloudstorage-commands/-/google-cloudstorage-commands-0.0.1.tgz",
			"integrity": "sha512-w2RDY/vxzv4sOfFfUAuKYGyfEYEm54C3ak36uftrtNdsBA9d41jRkfirt9+SAfOS23XyfBtfJbcyEEOW23rCPw==",
			"deprecated": "old",
			"engines": {
				"node": ">=6.7.0"
			}
		}
	}
}
