{
  "name": "entitlements-1.2.0",
  "lockfileVersion": 3,
  "requires": true,
  "packages": {
    "": {
      "dependencies": {
        "entitlements": "1.2.0"
      }
    },
    "node_modules/base64-js": {
      "version": "0.0.6",
      "resolved": "https://registry.npmjs.org/base64-js/-/base64-js-0.0.6.tgz",
      "integrity": "sha512-fsyA7iUnTsMJtsDqcL/8BqXAp66zldDas+PP1lDY6fVjcXxjQllGSmuT58evJbqmLK1WutPTq/lmQqFCN2eftw==",
      "license": "MIT",
      "engines": {
        "node": ">= 0.4"
      }
    },
    "node_modules/bplist-creator": {
      "version": "0.0.4",
      "resolved": "https://registry.npmjs.org/bplist-creator/-/bplist-creator-0.0.4.tgz",
      "integrity": "sha512-S6SjiqI9rOOcXGpinzdoW4gXri2IxiXdn3V5tfHTVWuGVxuU+SQK4Iwkjg7QzjRsT5on66oOVlgCDaqCYtZ11A==",
      "license": "MIT",
      "dependencies": {
        "stream-buffers": "~0.2.3"
      }
    },
    "node_modules/bplist-parser": {
      "version": "0.0.6",
      "resolved": "https://registry.npmjs.org/bplist-parser/-/bplist-parser-0.0.6.tgz",
      "integrity": "sha512-fGeghPEH4Eytvf+Mi446aKcDqvkA/+eh6r7QGiZWMQG6TzqrnsToLP379XFfqRSZ41+676hhGIm++maNST1Apw==",
      "license": "MIT"
    },
    "node_modules/entitlements": {
      "version": "1.2.0",
      "resolved": "https://registry.npmjs.org/entitlements/-/entitlements-1.2.0.tgz",
      "integrity": "sha512-cXGY4wKVo912Fb51n1L0MEb3I6NLku8VC8qLsGJXUA2Kumv4xptv3Xu9Q8JbvtIBNjfNEUqpRkQJFhT580j9DQ==",
      "license": "MIT",
      "dependencies": {
        "simple-plist": "0.0.4"
      },
      "bin": {
        "entitlements": "cli.js"
      },
      "engines": {
        "node": ">=0.10.0"
      }
    },
    "node_modules/lodash-node": {
      "version": "2.4.1",
      "resolved": "https://registry.npmjs.org/lodash-node/-/lodash-node-2.4.1.tgz",
      "integrity": "sha512-egEt8eNQp2kZWRmngahiqMoDCDCENv3uM188S7Ed5t4k3v6RrLELXC+FqLNMUnhCo7gvQX3G1V8opK/Lcslahg==",
      "deprecated": "This package is discontinued. Use lodash@^4.0.0.",
      "license": "MIT"
    },
    "node_modules/plist": {
      "version": "1.1.0",
      "resolved": "https://registry.npmjs.org/plist/-/plist-1.1.0.tgz",
      "integrity": "sha512-MYB88Mp5Ep79QuHbDWIJsT8OrCLRwV1sVD+3sJQUSZRKf/Mm/378053MUipNDMok4kH7c9pyef0BW+wC14xvOQ==",
      "dependencies": {
        "base64-js": "0.0.6",
        "util-deprecate": "1.0.0",
        "xmlbuilder": "2.2.1",
        "xmldom": "0.1.x"
      }
    },
    "node_modules/simple-plist": {
      "version": "0.0.4",
      "resolved": "https://registry.npmjs.org/simple-plist/-/simple-plist-0.0.4.tgz",
      "integrity": "sha512-YAKuAmppvbHhwhO8ILBTvogIYfsgt6JvGzyF/Y8al191N1rnbNAid/VzpINMY4SNWOVx3UXmhtYvvGQN5z6Y0A==",
      "license": "MIT",
      "dependencies": {
        "bplist-creator": "0.0.4",
        "bplist-parser": "0.0.6",
        "plist": "1.1.0"
      }
    },
    "node_modules/stream-buffers": {
      "version": "0.2.6",
      "resolved": "https://registry.npmjs.org/stream-buffers/-/stream-buffers-0.2.6.tgz",
      "integrity": "sha512-ZRpmWyuCdg0TtNKk8bEqvm13oQvXMmzXDsfD4cBgcx5LouborvU5pm3JMkdTP3HcszyUI08AM1dHMXA5r2g6Sg==",
      "engines": {
        "node": ">= 0.3.0"
      }
    },
    "node_modules/util-deprecate": {
      "version": "1.0.0",
      "resolved": "https://registry.npmjs.org/util-deprecate/-/util-deprecate-1.0.0.tgz",
      "integrity": "sha512-sTmIWz2UtUfg8kaf6qlicnMn6ghnpMboyWJAv+kgorwAmCHY78TcfaRWfMD8OECWkqVFwyat+r1VJxA4dDfGSA==",
      "license": "MIT"
    },
    "node_modules/xmlbuilder": {
      "version": "2.2.1",
      "resolved": "https://registry.npmjs.org/xmlbuilder/-/xmlbuilder-2.2.1.tgz",
      "integrity": "sha512-/1lEQGgeVQU1a4lB8dMRTiJf9k2WDnwWSxka5via8FZxV9OE7IYidIg9895dhqWx+FVdvHod0fX+j41z7kTXew==",
      "dependencies": {
        "lodash-node": "~2.4.1"
      },
      "engines": {
        "node": "0.8.x || 0.10.x"
      }
    },
    "node_modules/xmldom": {
      "version": "0.1.31",
      "resolved": "https://registry.npmjs.org/xmldom/-/xmldom-0.1.31.tgz",
      "integrity": "sha512-yS2uJflVQs6n+CyjHoaBmVSqIDevTAWrzMmjG1Gc7h1qQ7uVozNhEPJAwZXWyGQ/Gafo3fCwrcaokezLPupVyQ==",
      "deprecated": "Deprecated due to CVE-2021-21366 resolved in 0.5.0",
      "license": "(LGPL-2.0 or MIT)",
      "engines": {
        "node": ">=0.1"
      }
    }
  }
}
