{
  "name": "clamscan-1.2.0",
  "lockfileVersion": 3,
  "requires": true,
  "packages": {
    "": {
      "dependencies": {
        "clamscan": "1.2.0"
      }
    },
    "node_modules/clamscan": {
      "version": "1.2.0",
      "resolved": "https://registry.npmjs.org/clamscan/-/clamscan-1.2.0.tgz",
      "integrity": "sha512-hB/XKS3DoaGz13F61QaQJBMs9qs8e2TdTDD8DBRqnsFerRbtFjqxt3AUDegjOTqTdwPu/OEuGFzJKw0zx70nDA==",
      "license": "MIT",
      "engines": {
        "node": ">=10.0.0"
      }
    }
  }
}
