{
	"name": "gry-5.0.8",
	"lockfileVersion": 3,
	"requires": true,
	"packages": {
		"": {
			"dependencies": {
				"gry": "5.0.8"
			}
		},
		"node_modules/abs": {
			"version": "1.3.15",
			"resolved": "https://registry.npmjs.org/abs/-/abs-1.3.15.tgz",
			"integrity": "sha512-bpFChpVyZ2F2ppgx7qjZ5TTEO6VVwBauUZDZibpclRGhfcXTHyj11nlqwrg5dN1knxCchssROehm76uCcCayRA==",
			"license": "MIT",
			"dependencies": {
				"ul": "^5.0.0"
			}
		},
		"node_modules/deffy": {
			"version": "2.2.5",
			"resolved": "https://registry.npmjs.org/deffy/-/deffy-2.2.5.tgz",
			"integrity": "sha512-6TX2cfIo97eKqWmqgMDAUulCwnveAe3K+4VGsTGPJsL3NtSEnSBFZ3sUXdS4EBhZ8GbdaZBzXQ04ton18dJrug==",
			"license": "MIT",
			"dependencies": {
				"typpy": "^2.0.0"
			}
		},
		"node_modules/exec-limiter": {
			"version": "3.2.14",
			"resolved": "https://registry.npmjs.org/exec-limiter/-/exec-limiter-3.2.14.tgz",
			"integrity": "sha512-ZQjJmAnXD+1kQ6ejMZAS5Vxdt7LLMz0Eq7mEu6+7NhlauykuyLihhUkpp4S784QKsmJQIpuuERhQ8Tav8bF3zQ==",
			"license": "MIT",
			"dependencies": {
				"limit-it": "^3.0.0",
				"typpy": "^2.1.0"
			}
		},
		"node_modules/function.name": {
			"version": "1.0.14",
			"resolved": "https://registry.npmjs.org/function.name/-/function.name-1.0.14.tgz",
			"integrity": "sha512-s99L814NRuLxwF2sJMIcLhkQhueGXb3oKyvorzrUKKwlVB0SBbWrgZt4+EwKAo3ujCXnT7vshmCvXgZA09kCMw==",
			"license": "MIT",
			"dependencies": {
				"noop6": "^1.0.1"
			}
		},
		"node_modules/gry": {
			"version": "5.0.8",
			"resolved": "https://registry.npmjs.org/gry/-/gry-5.0.8.tgz",
			"integrity": "sha512-meq9ZjYVpLzZh3ojhTg7IMad9grGsx6rUUKHLqPnhLXzJkRQvEL2U3tQpS5/WentYTtHtxkT3Ew/mb10D6F6/g==",
			"license": "MIT",
			"dependencies": {
				"abs": "^1.2.1",
				"exec-limiter": "^3.0.0",
				"one-by-one": "^3.0.0",
				"ul": "^5.0.0"
			}
		},
		"node_modules/limit-it": {
			"version": "3.2.11",
			"resolved": "https://registry.npmjs.org/limit-it/-/limit-it-3.2.11.tgz",
			"integrity": "sha512-VdLa1lZYZnzT98oLMeCDl6Lwd9cEYIMQlPg34qL6CYuA+yQKoG7K12tfgI5K6bRC51kRM8v1UX67IhpNsnvo3A==",
			"license": "MIT",
			"dependencies": {
				"typpy": "^2.0.0"
			}
		},
		"node_modules/noop6": {
			"version": "1.0.10",
			"resolved": "https://registry.npmjs.org/noop6/-/noop6-1.0.10.tgz",
			"integrity": "sha512-WZvuCILZFZHK+WuqCQwxLBGllkBK1ct8s8Mu9FMDbEsBE6/bqNxyFGbX7Xky+6bYFL8X2Ou4Cis4CJyrwXLvQA==",
			"license": "MIT"
		},
		"node_modules/obj-def": {
			"version": "1.0.10",
			"resolved": "https://registry.npmjs.org/obj-def/-/obj-def-1.0.10.tgz",
			"integrity": "sha512-RJpNUkO+1r/rXTBs82iU4scoC9Q1yp9HZbSk0ldpFe8362S6eTjUjSgTmECa1TtOBIe5pn4pwSzxIiWc8+jmWg==",
			"license": "MIT",
			"dependencies": {
				"deffy": "^2.2.2"
			}
		},
		"node_modules/one-by-one": {
			"version": "3.2.9",
			"resolved": "https://registry.npmjs.org/one-by-one/-/one-by-one-3.2.9.tgz",
			"integrity": "sha512-H10TAq02LKrkSRTQz1mgvcKb64rRajZ+B5HWHBvkGigYNCPqL0Q/tLIN3vfha/DqZxXeKNfyCmgfEYo2hgFQgA==",
			"license": "MIT",
			"dependencies": {
				"obj-def": "^1.0.0",
				"sliced": "^1.0.1"
			}
		},
		"node_modules/sliced": {
			"version": "1.0.1",
			"resolved": "https://registry.npmjs.org/sliced/-/sliced-1.0.1.tgz",
			"integrity": "sha512-VZBmZP8WU3sMOZm1bdgTadsQbcscK0UM8oKxKVBs4XAhUo2Xxzm/OFMGBkPusxw9xL3Uy8LrzEqGqJhclsr0yA==",
			"deprecated": "Unsupported",
			"license": "MIT"
		},
		"node_modules/typpy": {
			"version": "2.4.0",
			"resolved": "https://registry.npmjs.org/typpy/-/typpy-2.4.0.tgz",
			"integrity": "sha512-a16Uv5doNtvHzaG4wZCHmXN+l9xxmTMpyODtPz7B3DSTsDVNXilTSJGuNw68sUh0Un4bf+ghRMbEcJCI6r06mQ==",
			"license": "MIT",
			"dependencies": {
				"function.name": "^1.0.3"
			}
		},
		"node_modules/ul": {
			"version": "5.2.16",
			"resolved": "https://registry.npmjs.org/ul/-/ul-5.2.16.tgz",
			"integrity": "sha512-v1YrSEsJZpJsywzF/MKgsQwMdOwBlwwmNiUOJh/yX6FHrq7dYjeua1YOhLV0q0KioqEFZC4P7MsKmpEsGdZz3w==",
			"license": "MIT",
			"dependencies": {
				"deffy": "^2.2.2",
				"typpy": "^2.3.4"
			}
		}
	}
}
