{
    "name": "hull.js-1.0.6",
    "lockfileVersion": 3,
    "requires": true,
    "packages": {
        "": {
            "dependencies": {
                "hull.js": "1.0.6"
            }
        },
        "node_modules/hull.js": {
            "version": "1.0.6",
            "resolved": "https://registry.npmjs.org/hull.js/-/hull.js-1.0.6.tgz",
            "integrity": "sha512-TC7e9sHYOaCVms0sn2hN7buxnaGfcl9h5EPVoVX9DTPoMpqQiS9bf3tmGDgiNaMVHBD91RAvWjCxrJ5Jx8BI5A==",
            "deprecated": "This package is unmaintained and vulnerable. Do not use it.",
            "license": "BSD"
        }
    }
}
