{
  "name": "network-manager-1.0.2",
  "lockfileVersion": 3,
  "requires": true,
  "packages": {
    "": {
      "dependencies": {
        "network-manager": "1.0.2"
      }
    },
    "node_modules/network-manager": {
      "version": "1.0.2",
      "resolved": "https://registry.npmjs.org/network-manager/-/network-manager-1.0.2.tgz",
      "integrity": "sha512-hIy3FiDfUIiCOPJfdZ9FO81jU4tJKUW6cZsglrHhfXETN3gmHc6gHI/cLuVkmb5re8/95lt3kpJ+lt8cweaOTg==",
      "license": "ISC"
    }
  }
}
