{
  "name": "whereis-0.4.0",
  "lockfileVersion": 3,
  "requires": true,
  "packages": {
    "": {
      "dependencies": {
        "whereis": "0.4.0"
      }
    },
    "node_modules/whereis": {
      "version": "0.4.0",
      "resolved": "https://registry.npmjs.org/whereis/-/whereis-0.4.0.tgz",
      "integrity": "sha512-KMG6EpPfQOf7k156v1nvefVgorbhr0fqZ4G/PERbaxzfep8sE8Ul9x5G7Vv69wD6dBzbYGe9aLgMsXFrZo27cw==",
      "deprecated": "whereis <= 0.4.0 is unsecure, switch to which package: https://github.com/npm/node-which"
    }
  }
}
