{
  "name": "heroku-env-0.2.0",
  "lockfileVersion": 3,
  "requires": true,
  "packages": {
    "": {
      "dependencies": {
        "heroku-env": "0.2.0"
      }
    },
    "node_modules/heroku-env": {
      "version": "0.2.0",
      "resolved": "https://registry.npmjs.org/heroku-env/-/heroku-env-0.2.0.tgz",
      "integrity": "sha512-9vlCuYrTr2W6d5gDXgWUzHEN8lHQwb2ipeQxcaW3PXsYcMjGJQcR8ADGrNtnIK6CMJeALfLQ3WnHgJfD23NmpQ==",
      "license": "BSD",
      "dependencies": {
        "parse-database-url": "~0.2.0"
      },
      "bin": {
        "heroku-env": "lib/cli.js"
      }
    },
    "node_modules/parse-database-url": {
      "version": "0.2.2",
      "resolved": "https://registry.npmjs.org/parse-database-url/-/parse-database-url-0.2.2.tgz",
      "integrity": "sha512-mRvuDco1frHKth4/bpKwkP04v0cfUUUSlcH9jbjdKtKljJghLuKJ/sSeZnq0tQC9aGbOgLAVZ5gUxXpZo7B6ZA==",
      "license": "MIT",
      "engines": {
        "node": ">= 0.6"
      }
    }
  }
}
