{
  "name": "port-killer-1.0.1",
  "lockfileVersion": 3,
  "requires": true,
  "packages": {
    "": {
      "dependencies": {
        "port-killer": "1.0.1"
      }
    },
    "node_modules/port-killer": {
      "version": "1.0.1",
      "resolved": "https://registry.npmjs.org/port-killer/-/port-killer-1.0.1.tgz",
      "integrity": "sha512-S1/KooiclL1A92kUNJeLOfYkLsEO026eAXHjkrTU0KWRuYaNbGsiAF2l7LbsunJVN90Re1hP4osE+1tubas/mQ==",
      "license": "MIT",
      "bin": {
        "portkill": "bin/port-killer.js"
      },
      "engines": {
        "node": ">=8.7.0"
      }
    }
  }
}
