{
	"name": "serialize-to-js-0.5.0",
	"lockfileVersion": 3,
	"requires": true,
	"packages": {
		"": {
			"dependencies": {
				"serialize-to-js": "0.5.0"
			}
		},
		"node_modules/abbrev": {
			"version": "1.1.1",
			"resolved": "https://registry.npmjs.org/abbrev/-/abbrev-1.1.1.tgz",
			"integrity": "sha512-nne9/IiQ/hzIhY6pdDnbBtz7DjPTKrY00P/zvPSm5pOFkl6xuGrGnXn/VtTNNfNtAfZ9/1RtehkszU9qcTii0Q==",
			"license": "ISC"
		},
		"node_modules/bluebird": {
			"version": "3.7.2",
			"resolved": "https://registry.npmjs.org/bluebird/-/bluebird-3.7.2.tgz",
			"integrity": "sha512-XpNj6GDQzdfW+r2Wnn7xiSAd7TM3jzkxGXBGTtWKuSXv1xUV+azxAm8jdWZN06QTQk+2N2XB9jRDkvbmQmcRtg==",
			"license": "MIT"
		},
		"node_modules/commander": {
			"version": "2.20.3",
			"resolved": "https://registry.npmjs.org/commander/-/commander-2.20.3.tgz",
			"integrity": "sha512-GpVkmM8vF2vQUkj2LvZmD35JxeJOLCwJ9cUkugyk2nuhbv3+mJvpLYYt+0+USMxE+oj+ey/lJEnhZw75x/OMcQ==",
			"license": "MIT"
		},
		"node_modules/config-chain": {
			"version": "1.1.13",
			"resolved": "https://registry.npmjs.org/config-chain/-/config-chain-1.1.13.tgz",
			"integrity": "sha512-qj+f8APARXHrM0hraqXYb2/bOVSV4PvJQlNZ/DVj0QrmNM2q2euizkeuVckQ57J+W0mRH6Hvi+k50M4Jul2VRQ==",
			"license": "MIT",
			"dependencies": {
				"ini": "^1.3.4",
				"proto-list": "~1.2.1"
			}
		},
		"node_modules/editorconfig": {
			"version": "0.13.3",
			"resolved": "https://registry.npmjs.org/editorconfig/-/editorconfig-0.13.3.tgz",
			"integrity": "sha512-WkjsUNVCu+ITKDj73QDvi0trvpdDWdkDyHybDGSXPfekLCqwmpD7CP7iPbvBgosNuLcI96XTDwNa75JyFl7tEQ==",
			"license": "MIT",
			"dependencies": {
				"bluebird": "^3.0.5",
				"commander": "^2.9.0",
				"lru-cache": "^3.2.0",
				"semver": "^5.1.0",
				"sigmund": "^1.0.1"
			},
			"bin": {
				"editorconfig": "bin/editorconfig"
			}
		},
		"node_modules/ini": {
			"version": "1.3.8",
			"resolved": "https://registry.npmjs.org/ini/-/ini-1.3.8.tgz",
			"integrity": "sha512-JV/yugV2uzW5iMRSiZAyDtQd+nxtUnjeLt0acNdw98kKLrvuRVyB80tsREOE7yvGVgalhZ6RNXCmEHkUKBKxew==",
			"license": "ISC"
		},
		"node_modules/js-beautify": {
			"version": "1.6.14",
			"resolved": "https://registry.npmjs.org/js-beautify/-/js-beautify-1.6.14.tgz",
			"integrity": "sha512-FMBG8p4izp7ET0JPZ1YUoC+SeE4hQebNdQH42dHx12Y5XvKhyRqEctgDEqXjyXIYaNsw+AFTVVvsZ3QjYJdLQQ==",
			"license": "MIT",
			"dependencies": {
				"config-chain": "~1.1.5",
				"editorconfig": "^0.13.2",
				"mkdirp": "~0.5.0",
				"nopt": "~3.0.1"
			},
			"bin": {
				"css-beautify": "js/bin/css-beautify.js",
				"html-beautify": "js/bin/html-beautify.js",
				"js-beautify": "js/bin/js-beautify.js"
			}
		},
		"node_modules/lru-cache": {
			"version": "3.2.0",
			"resolved": "https://registry.npmjs.org/lru-cache/-/lru-cache-3.2.0.tgz",
			"integrity": "sha512-91gyOKTc2k66UG6kHiH4h3S2eltcPwE1STVfMYC/NG+nZwf8IIuiamfmpGZjpbbxzSyEJaLC0tNSmhjlQUTJow==",
			"license": "ISC",
			"dependencies": {
				"pseudomap": "^1.0.1"
			}
		},
		"node_modules/minimist": {
			"version": "1.2.8",
			"resolved": "https://registry.npmjs.org/minimist/-/minimist-1.2.8.tgz",
			"integrity": "sha512-2yyAR8qBkN3YuheJanUpWC5U3bb5osDywNB8RzDVlDwDHbocAJveqqj1u8+SVD7jkWT4yvsHCpWqqWqAxb0zCA==",
			"license": "MIT",
			"funding": {
				"url": "https://github.com/sponsors/ljharb"
			}
		},
		"node_modules/mkdirp": {
			"version": "0.5.6",
			"resolved": "https://registry.npmjs.org/mkdirp/-/mkdirp-0.5.6.tgz",
			"integrity": "sha512-FP+p8RB8OWpF3YZBCrP5gtADmtXApB5AMLn+vdyA+PyxCjrCs00mjyUozssO33cwDeT3wNGdLxJ5M//YqtHAJw==",
			"license": "MIT",
			"dependencies": {
				"minimist": "^1.2.6"
			},
			"bin": {
				"mkdirp": "bin/cmd.js"
			}
		},
		"node_modules/nopt": {
			"version": "3.0.6",
			"resolved": "https://registry.npmjs.org/nopt/-/nopt-3.0.6.tgz",
			"integrity": "sha512-4GUt3kSEYmk4ITxzB/b9vaIDfUVWN/Ml1Fwl11IlnIG2iaJ9O6WXZ9SrYM9NLI8OCBieN2Y8SWC2oJV0RQ7qYg==",
			"license": "ISC",
			"dependencies": {
				"abbrev": "1"
			},
			"bin": {
				"nopt": "bin/nopt.js"
			}
		},
		"node_modules/proto-list": {
			"version": "1.2.4",
			"resolved": "https://registry.npmjs.org/proto-list/-/proto-list-1.2.4.tgz",
			"integrity": "sha512-vtK/94akxsTMhe0/cbfpR+syPuszcuwhqVjJq26CuNDgFGj682oRBXOP5MJpv2r7JtE8MsiepGIqvvOTBwn2vA==",
			"license": "ISC"
		},
		"node_modules/pseudomap": {
			"version": "1.0.2",
			"resolved": "https://registry.npmjs.org/pseudomap/-/pseudomap-1.0.2.tgz",
			"integrity": "sha512-b/YwNhb8lk1Zz2+bXXpS/LK9OisiZZ1SNsSLxN1x2OXVEhW2Ckr/7mWE5vrC1ZTiJlD9g19jWszTmJsB+oEpFQ==",
			"license": "ISC"
		},
		"node_modules/semver": {
			"version": "5.7.2",
			"resolved": "https://registry.npmjs.org/semver/-/semver-5.7.2.tgz",
			"integrity": "sha512-cBznnQ9KjJqU67B52RMC65CMarK2600WFnbkcaiwWq3xy/5haFJlshgnpjovMVJ+Hff49d8GEn0b87C5pDQ10g==",
			"license": "ISC",
			"bin": {
				"semver": "bin/semver"
			}
		},
		"node_modules/serialize-to-js": {
			"version": "0.5.0",
			"resolved": "https://registry.npmjs.org/serialize-to-js/-/serialize-to-js-0.5.0.tgz",
			"integrity": "sha512-HFTUuYaGqkabtKTcNiVvVue5xFaw2XnIrLHv13Pqcbk6pOmTy5qvPcexCPeHxuhs9JcfkCl3UF9cAGX7Mx9tcw==",
			"deprecated": "Please update to serialize-to-js 1.1.0 or higher to avoid arbitrary code execution with deserialize CVE-2017-5954",
			"license": "MIT",
			"dependencies": {
				"js-beautify": "~1.6.8"
			},
			"engines": {
				"node": ">=0.8.0"
			}
		},
		"node_modules/sigmund": {
			"version": "1.0.1",
			"resolved": "https://registry.npmjs.org/sigmund/-/sigmund-1.0.1.tgz",
			"integrity": "sha512-fCvEXfh6NWpm+YSuY2bpXb/VIihqWA6hLsgboC+0nl71Q7N7o2eaCW8mJa/NLvQhs6jpd3VZV4UiUQlV6+lc8g==",
			"license": "ISC"
		}
	}
}
