{
    "name": "async-git-1.13.1",
    "lockfileVersion": 3,
    "requires": true,
    "packages": {
        "": {
            "dependencies": {
                "async-git": "1.13.1"
            }
        },
        "node_modules/@does/exist": {
            "version": "1.1.0",
            "resolved": "https://registry.npmjs.org/@does/exist/-/exist-1.1.0.tgz",
            "integrity": "sha512-Hpl7sjh3Z5hsIf/W0ZiqBqGU81Kii+4E3s+Mta5RTwbsIUvNJry43PSs+pT0wUAcaS0hxYQ17JTv+g44arA/TQ==",
            "license": "MIT"
        },
        "node_modules/async-execute": {
            "version": "1.2.0",
            "resolved": "https://registry.npmjs.org/async-execute/-/async-execute-1.2.0.tgz",
            "integrity": "sha512-YH6K9LgkvZjo27hry0kZuDRwQ/xsuzjCRwR3EOgVMe2a5etYmDxgmKUGdfWX0pLXZKJW/VaHa89lggXCKSY1dQ==",
            "license": "MIT"
        },
        "node_modules/async-git": {
            "version": "1.13.1",
            "resolved": "https://registry.npmjs.org/async-git/-/async-git-1.13.1.tgz",
            "integrity": "sha512-tlj9kACwUkFcQFNJkv4m96+fAe7K/njbPXfyy31jIC1ELI+LQ/eXVc84CSJQGUyBd9+ByZSBZSsuJj6gVrq8PQ==",
            "license": "MIT",
            "dependencies": {
                "@does/exist": "^1.1.0",
                "async-execute": "^1.1.0"
            }
        }
    }
}
