{
  "name": "mathjs-3.10.3",
  "lockfileVersion": 3,
  "requires": true,
  "packages": {
    "": {
      "dependencies": {
        "mathjs": "3.10.3"
      }
    },
    "node_modules/complex.js": {
      "version": "2.0.1",
      "resolved": "https://registry.npmjs.org/complex.js/-/complex.js-2.0.1.tgz",
      "integrity": "sha512-zu2kFxCi8x66budGAEfHcLk0+dcT4EdtiwJ9oIFrvDq8ARJ4T4F3hC0qXc5tn+FzIOYaEOZfO6ew6t6wmGfwpg==",
      "license": "MIT OR GPL-2.0",
      "engines": {
        "node": "*"
      }
    },
    "node_modules/decimal.js": {
      "version": "7.1.1",
      "resolved": "https://registry.npmjs.org/decimal.js/-/decimal.js-7.1.1.tgz",
      "integrity": "sha512-JAYTBScouq/tbesTv17VT4/Zf4kOguK6LRp9lK8IasQpzC1u4X5z+fNIasI3Le+kBXpo83hyTp6asVgTHIDlGw==",
      "license": "MIT"
    },
    "node_modules/fraction.js": {
      "version": "4.0.0",
      "resolved": "https://registry.npmjs.org/fraction.js/-/fraction.js-4.0.0.tgz",
      "integrity": "sha512-VFj4e6g5arfi1iH4YOHao6Aq8ZB9e+R4mW8dUZA0qeLqVQWKMc4+4N/U1eTWPuddMsXd0MjwGRFRzBW2G7msBA==",
      "license": "MIT OR GPL-2.0",
      "engines": {
        "node": "*"
      }
    },
    "node_modules/mathjs": {
      "version": "3.10.3",
      "resolved": "https://registry.npmjs.org/mathjs/-/mathjs-3.10.3.tgz",
      "integrity": "sha512-LXHITVjSqeWZpeXS4vkt5Fkgh9cPjTVquXSnEC4H2W7T+TBlsBtRwEaRrqnvE9JvnrzVRmU7UsrmX41FP0an1A==",
      "license": "Apache-2.0",
      "dependencies": {
        "complex.js": "2.0.1",
        "decimal.js": "7.1.1",
        "fraction.js": "4.0.0",
        "seed-random": "2.2.0",
        "tiny-emitter": "1.0.2",
        "typed-function": "0.10.5"
      },
      "bin": {
        "mathjs": "bin/cli.js"
      },
      "engines": {
        "node": ">= 0.1"
      }
    },
    "node_modules/seed-random": {
      "version": "2.2.0",
      "resolved": "https://registry.npmjs.org/seed-random/-/seed-random-2.2.0.tgz",
      "integrity": "sha512-34EQV6AAHQGhoc0tn/96a9Fsi6v2xdqe/dMUwljGRaFOzR3EgRmECvD0O8vi8X+/uQ50LGHfkNu/Eue5TPKZkQ==",
      "license": "MIT"
    },
    "node_modules/tiny-emitter": {
      "version": "1.0.2",
      "resolved": "https://registry.npmjs.org/tiny-emitter/-/tiny-emitter-1.0.2.tgz",
      "integrity": "sha512-y87VH5ncX+MzK2rqEF6v7Ad8gOdQDV1jiFT5bXUrWGBTFN9EFLrvufpWryNipgFDCzQ4fTOTPUCZGLYoQ2D9UA==",
      "license": "MIT"
    },
    "node_modules/typed-function": {
      "version": "0.10.5",
      "resolved": "https://registry.npmjs.org/typed-function/-/typed-function-0.10.5.tgz",
      "integrity": "sha512-5BI8zKF/aZhsXJJKcRvcOuDCzBVY4R08Ok8ilRWHpQ5Np+LwzWeGzaIUNUw++d19Vvv8iqzvaN9/h5WDdY8cmg==",
      "engines": {
        "node": ">= 0.10"
      }
    }
  }
}
