{
  "name": "git-lib-1.6.0",
  "lockfileVersion": 3,
  "requires": true,
  "packages": {
    "": {
      "dependencies": {
        "git-lib": "1.6.0"
      }
    },
    "node_modules/asap": {
      "version": "2.0.6",
      "resolved": "https://registry.npmjs.org/asap/-/asap-2.0.6.tgz",
      "integrity": "sha512-BSHWgDSAiKs50o2Re8ppvp3seVHXSRM44cdSsT9FfNEUUZLOGWVCsiWaRPWM1Znn+mqZ1OfVZ3z3DWEzSp7hRA==",
      "license": "MIT"
    },
    "node_modules/async": {
      "version": "1.5.2",
      "resolved": "https://registry.npmjs.org/async/-/async-1.5.2.tgz",
      "integrity": "sha512-nSVgobk4rv61R9PUSDtYt7mPVB2olxNR5RWJcAsH676/ef11bUZwvu7+RGYrYauVdDPcO519v68wRhXQtxsV9w==",
      "license": "MIT"
    },
    "node_modules/colors": {
      "version": "1.4.0",
      "resolved": "https://registry.npmjs.org/colors/-/colors-1.4.0.tgz",
      "integrity": "sha512-a+UqTh4kgZg/SlGvfbzDHpgRu7AAQOmmqRHJnxhRZICKFUT91brVhNNt58CMWU9PsBbv3PDCZUHbVxuDiH2mtA==",
      "license": "MIT",
      "engines": {
        "node": ">=0.1.90"
      }
    },
    "node_modules/git-lib": {
      "version": "1.6.0",
      "resolved": "https://registry.npmjs.org/git-lib/-/git-lib-1.6.0.tgz",
      "integrity": "sha512-FgfTmeLie3mIxkt1jY+SOrIqIOe6Nps0wnQ+teEIZFeE1hHEu/Rf8Micv3UQr0zWELeu2pmTrQrt0YYUowFqPQ==",
      "license": "ISC",
      "dependencies": {
        "async": "^1.4.2",
        "colors": "^1.1.2",
        "lodash": "^3.10.1",
        "promise": "^7.0.4",
        "xcept": "^1.0.0"
      }
    },
    "node_modules/lodash": {
      "version": "3.10.1",
      "resolved": "https://registry.npmjs.org/lodash/-/lodash-3.10.1.tgz",
      "integrity": "sha512-9mDDwqVIma6OZX79ZlDACZl8sBm0TEnkf99zV3iMA4GzkIT/9hiqP5mY0HoT1iNLCrKc/R1HByV+yJfRWVJryQ==",
      "license": "MIT"
    },
    "node_modules/promise": {
      "version": "7.3.1",
      "resolved": "https://registry.npmjs.org/promise/-/promise-7.3.1.tgz",
      "integrity": "sha512-nolQXZ/4L+bP/UGlkfaIujX9BKxGwmQ9OT4mOt5yvy8iK1h3wqTEJCijzGANTCCl9nWjY41juyAn2K3Q1hLLTg==",
      "license": "MIT",
      "dependencies": {
        "asap": "~2.0.3"
      }
    },
    "node_modules/xcept": {
      "version": "1.0.0",
      "resolved": "https://registry.npmjs.org/xcept/-/xcept-1.0.0.tgz",
      "integrity": "sha512-zj7qIn+vsGtdOEgBCnKXssIvUK4LaZV+IaSeTDKnGtAQ7uzkXdm9+vbH+0o/zmMjhzOZhnKh5MU0ggxNppMRPA==",
      "license": "ISC"
    }
  }
}
