{
  "name": "metacalc-0.0.2",
  "lockfileVersion": 3,
  "requires": true,
  "packages": {
    "": {
      "dependencies": {
        "metacalc": "< 0.0.2"
      }
    },
    "node_modules/metacalc": {
      "version": "0.0.1",
      "resolved": "https://registry.npmjs.org/metacalc/-/metacalc-0.0.1.tgz",
      "integrity": "sha512-MbTSw2jG0lY3BoTo9yJIeNY17uynCu1I2qvi79QmvhQhW9UHdrUd8tC2wrdAJMnbhG/InaaODR+U1JuHbgI5Jw==",
      "license": "MIT",
      "dependencies": {
        "metavm": "^1.1.0"
      },
      "engines": {
        "node": "^12.9 || 14 || 16 || 17 || 18"
      },
      "funding": {
        "type": "patreon",
        "url": "https://www.patreon.com/tshemsedinov"
      }
    },
    "node_modules/metavm": {
      "version": "1.4.5",
      "resolved": "https://registry.npmjs.org/metavm/-/metavm-1.4.5.tgz",
      "integrity": "sha512-ukgNC1YFdKQNNoZIep1KtQIOwgd0WuEsUMmQ5HoJZlhxaiPE2MXB9KSJVEjoN9hFfTsDdAS0fmlP1IOsg50LVQ==",
      "license": "MIT",
      "engines": {
        "node": ">=18"
      },
      "funding": {
        "type": "patreon",
        "url": "https://www.patreon.com/tshemsedinov"
      }
    }
  }
}
