{
    "name": "underscore-1.13.0-0",
    "lockfileVersion": 3,
    "requires": true,
    "packages": {
        "": {
            "dependencies": {
                "underscore": "1.13.0-0"
            }
        },
        "node_modules/underscore": {
            "version": "1.13.0-0",
            "resolved": "https://registry.npmjs.org/underscore/-/underscore-1.13.0-0.tgz",
            "integrity": "sha512-hzMx0HIU/qdygzIXjRBeWkmGMTuTlYTrCiqBwkeBATZFvntOD1SWmw3Z7CkWWEowIGDIxc+1uWFFwfK/exvIDw==",
            "license": "MIT"
        }
    }
}
