{
  "name": "djv-2.0.0",
  "lockfileVersion": 3,
  "requires": true,
  "packages": {
    "": {
      "dependencies": {
        "djv": "2.0.0"
      }
    },
    "node_modules/@korzio/djv-draft-04": {
      "version": "2.0.1",
      "resolved": "https://registry.npmjs.org/@korzio/djv-draft-04/-/djv-draft-04-2.0.1.tgz",
      "integrity": "sha512-MeTVcNsfCIYxK6T7jW1sroC7dBAb4IfLmQe6RoCqlxHN5NFkzNpgdnBPR+/0D2wJDUJHM9s9NQv+ouhxKjvUjg==",
      "license": "MIT",
      "optional": true
    },
    "node_modules/djv": {
      "version": "2.0.0",
      "resolved": "https://registry.npmjs.org/djv/-/djv-2.0.0.tgz",
      "integrity": "sha512-9og7LXUe5cpMxbkZsKkLjH8fCKzF+zo9EKWjoTJVizg/cZJ8hFY+26T1+HGYKaRUuqKljpVLNj+ltHWFbFyMAQ==",
      "license": "MIT",
      "optionalDependencies": {
        "@korzio/djv-draft-04": "^2.0.0"
      }
    }
  }
}
