{
  "name": "node-os-utils-1.1.0",
  "lockfileVersion": 3,
  "requires": true,
  "packages": {
    "": {
      "dependencies": {
        "node-os-utils": "< 1.1.0"
      }
    },
    "node_modules/node-os-utils": {
      "version": "1.0.8",
      "resolved": "https://registry.npmjs.org/node-os-utils/-/node-os-utils-1.0.8.tgz",
      "integrity": "sha512-+nyyiR0It0VyzhOA8/Ex/PuhsWM1P6cCDVl1ADYGD4PehCx8FvvziFA8BKwlsj/6Fhd2c3Vv598x2/ZM0QSmRw==",
      "license": "MIT"
    }
  }
}
