{
	"name": "eslint-fixer-0.1.5",
	"lockfileVersion": 3,
	"requires": true,
	"packages": {
		"": {
			"dependencies": {
				"eslint-fixer": "0.1.5"
			}
		},
		"node_modules/eslint-fixer": {
			"version": "0.1.5",
			"resolved": "https://registry.npmjs.org/eslint-fixer/-/eslint-fixer-0.1.5.tgz",
			"integrity": "sha512-Qp2FZvKfuRXZ32C75OL/8/HqvInhjjm+LowkHzgaJh/6h+aLHKmQWp2TEaIqGXZB9Tx3NHBIt8FdpmZC6nXMMA==",
			"license": "MIT",
			"dependencies": {
				"p-wait-for": "^1.x"
			}
		},
		"node_modules/p-wait-for": {
			"version": "1.0.0",
			"resolved": "https://registry.npmjs.org/p-wait-for/-/p-wait-for-1.0.0.tgz",
			"integrity": "sha512-raZs7eMN7mRqP2UEaXMSxDAkSqwN41J0yXCV1AVU9PbB4t7aBAj/6nDPgFcUikX+4GeBgXWLxITAn9hr+bdhrg==",
			"license": "MIT",
			"engines": {
				"node": ">=4"
			}
		}
	}
}
