{
  "name": "ps-kill-1.0.0",
  "lockfileVersion": 3,
  "requires": true,
  "packages": {
    "": {
      "dependencies": {
        "ps-kill": "1.0.0"
      }
    },
    "node_modules/ps-kill": {
      "version": "1.0.0",
      "resolved": "https://registry.npmjs.org/ps-kill/-/ps-kill-1.0.0.tgz",
      "integrity": "sha512-vfJBNoCAJrk2lXXiBMi2L+zrQwFtxdMrXeLTbuF07iDbm7gQFY38Raqh3CUHf6nwtK6synxQ7uHJDjzjoBP4rA==",
      "license": "MIT"
    }
  }
}
