{
  "name": "samba-client-3.4.0",
  "lockfileVersion": 3,
  "requires": true,
  "packages": {
    "": {
      "dependencies": {
        "samba-client": "3.4.0"
      }
    },
    "node_modules/samba-client": {
      "version": "3.4.0",
      "resolved": "https://registry.npmjs.org/samba-client/-/samba-client-3.4.0.tgz",
      "integrity": "sha512-DbkgCxtva3Bxu6rIJLq1gp0fqWUXo9zASdJh5dFtYf6NlAAXH0AoVHF+y7pV16cJwEjwaflirtKHBRIjjuakPw==",
      "deprecated": "a command injection security issue was fixed in version 4",
      "license": "MIT"
    }
  }
}
