{
    "name": "diskusage-ng-0.2.6",
    "lockfileVersion": 3,
    "requires": true,
    "packages": {
        "": {
            "dependencies": {
                "diskusage-ng": "0.2.6"
            }
        },
        "node_modules/diskusage-ng": {
            "version": "0.2.6",
            "resolved": "https://registry.npmjs.org/diskusage-ng/-/diskusage-ng-0.2.6.tgz",
            "integrity": "sha512-8tjPmYaS6VkACNnAQsF1s7WfYpId2pLUR+xVSEoPCiIodhdHKDYnhkehgzfWKJr71SkPJiGn8bhBtwVGl7Za4g==",
            "license": "MIT",
            "engines": {
                "node": ">=0.10.0"
            }
        }
    }
}
