{
	"name": "node-ps-0.0.2",
	"lockfileVersion": 3,
	"requires": true,
	"packages": {
		"": {
			"dependencies": {
				"node-ps": "0.0.2"
			}
		},
		"node_modules/node-ps": {
			"version": "0.0.2",
			"resolved": "https://registry.npmjs.org/node-ps/-/node-ps-0.0.2.tgz",
			"integrity": "sha512-OQaK2f0N4mKzepveaDCXqiaR+I+Q0gxujg27UkBsYbl8coXQ3EOXKSw+Eot77aYF4X5+4vgH9hXE984+BqloKQ==",
			"license": "ISC"
		}
	}
}
