{
  "name": "macfromip-1.1.1",
  "lockfileVersion": 3,
  "requires": true,
  "packages": {
    "": {
      "dependencies": {
        "macfromip": "1.1.1"
      }
    },
    "node_modules/macfromip": {
      "version": "1.1.1",
      "resolved": "https://registry.npmjs.org/macfromip/-/macfromip-1.1.1.tgz",
      "integrity": "sha512-+GRa0FI0vRCOlOp6OefKePHe39cXck0/HDL5ZZOsFUb9n+AyWaJO5lMdGe+8GRTQysTQ8xBDom8oroZA2x6Hsg==",
      "license": "MIT"
    }
  }
}
