{
  "name": "xps-1.0.2",
  "lockfileVersion": 3,
  "requires": true,
  "packages": {
    "": {
      "dependencies": {
        "xps": "1.0.2"
      }
    },
    "node_modules/core.arity": {
      "version": "1.0.0",
      "resolved": "https://registry.npmjs.org/core.arity/-/core.arity-1.0.0.tgz",
      "integrity": "sha512-yfIG0FObvjHQJiC2mgYbZLbybHauWePwgO7M2UX8JSynt0eV4RkNPB2iXNVrodOZV8XVWDqVA7Hrc2p3gsteCA==",
      "license": "MIT"
    },
    "node_modules/core.lambda": {
      "version": "1.0.0",
      "resolved": "https://registry.npmjs.org/core.lambda/-/core.lambda-1.0.0.tgz",
      "integrity": "sha512-JcgjQmKqmsBrVwmeKGQ6OPeWVkTjvunxbhHGmQKn4qwVpklkkS3cpCZ6xw0bBkyQ2D0hdpRGRO7GgUkyi2eXdA==",
      "license": "MIT"
    },
    "node_modules/csv": {
      "version": "0.4.6",
      "resolved": "https://registry.npmjs.org/csv/-/csv-0.4.6.tgz",
      "integrity": "sha512-mlH/iunX/O6BXnkfW5TzYCSlLX45ISyysGQLL6M+km6gjj/L8bbv5KEG9ngj2NstX6zKhEbMlaEhxHa5/Mjsuw==",
      "license": "BSD-3-Clause",
      "dependencies": {
        "csv-generate": "^0.0.6",
        "csv-parse": "^1.0.0",
        "csv-stringify": "^0.0.8",
        "stream-transform": "^0.1.0"
      },
      "engines": {
        "node": ">= 0.1.90"
      }
    },
    "node_modules/csv-generate": {
      "version": "0.0.6",
      "resolved": "https://registry.npmjs.org/csv-generate/-/csv-generate-0.0.6.tgz",
      "integrity": "sha512-artADf2o+rZUc224aalspj+rQXeYXXSXZ4s7hylW9xLgawkn1Ac5yLG+qNb1rRTcQ2CdDFHixvRuC1GlujCCkw==",
      "license": "BSD-3-Clause"
    },
    "node_modules/csv-parse": {
      "version": "1.3.3",
      "resolved": "https://registry.npmjs.org/csv-parse/-/csv-parse-1.3.3.tgz",
      "integrity": "sha512-byxnDBxM1AVF3YfmsK7Smop9/usNz7gAZYSo9eYp61TGcNXraJby1rAiLyJSt1/8Iho2qaxZOtZCOvQMXogPtg==",
      "license": "BSD-3-Clause"
    },
    "node_modules/csv-stringify": {
      "version": "0.0.8",
      "resolved": "https://registry.npmjs.org/csv-stringify/-/csv-stringify-0.0.8.tgz",
      "integrity": "sha512-REHUwgPO2wPr69PZXW3cXmtvi+imJKvnqfxJw115rBsAMIKGQUP7a/nWo5SGzN5wmcKpN4v6uBcvc9CzvnT5zw==",
      "license": "BSD-3-Clause"
    },
    "node_modules/data.task": {
      "version": "3.1.2",
      "resolved": "https://registry.npmjs.org/data.task/-/data.task-3.1.2.tgz",
      "integrity": "sha512-gGDjno8m/FS1kdMU3EmKcLaO1enFyfCV/EscvDZ4+KZDSg9xHePa2VFfWd+QO5PUp18NdCIziOpaSUE4Efw8/w==",
      "deprecated": "This package is no longer supported. Consider switching to fp-ts",
      "license": "MIT"
    },
    "node_modules/ms-task": {
      "version": "1.1.0",
      "resolved": "https://registry.npmjs.org/ms-task/-/ms-task-1.1.0.tgz",
      "integrity": "sha512-9ZPRRfeajCx64ucX3AmN21yc4T2vPqtwbQW9020fUOWOZZHtP43V87v92IXIh5opXpt2LW30i2zFK3aggUBvkw==",
      "dependencies": {
        "csv": ">=0.4.0"
      }
    },
    "node_modules/stream-transform": {
      "version": "0.1.2",
      "resolved": "https://registry.npmjs.org/stream-transform/-/stream-transform-0.1.2.tgz",
      "integrity": "sha512-3HXId/0W8sktQnQM6rOZf2LuDDMbakMgAjpViLk758/h0br+iGqZFFfUxxJSqEvGvT742PyFr4v/TBXUtowdCg==",
      "license": "BSD-3-Clause"
    },
    "node_modules/xps": {
      "version": "1.0.2",
      "resolved": "https://registry.npmjs.org/xps/-/xps-1.0.2.tgz",
      "integrity": "sha512-fVJw71KCYe7SiPzKy7jK0ytuCKpocskP1fWygjnqAg2zAjPrIuE+HrC9bv0UgWYOE5TqCHW+vebCDFnWDaK+5w==",
      "deprecated": "This package is no longer supported.",
      "license": "MIT",
      "dependencies": {
        "core.arity": "^1.0.0",
        "core.lambda": "^1.0.0",
        "csv": "^0.4.2",
        "data.task": "^3.0.0",
        "ms-task": "^1.1.0"
      }
    }
  }
}
