{
  "name": "wincred-1.0.2",
  "lockfileVersion": 3,
  "requires": true,
  "packages": {
    "": {
      "dependencies": {
        "wincred": "1.0.2"
      }
    },
    "node_modules/wincred": {
      "version": "1.0.2",
      "resolved": "https://registry.npmjs.org/wincred/-/wincred-1.0.2.tgz",
      "integrity": "sha512-cMbiyBKLgvwwOigTP6wv02UaYRxvseu6Zy8/sDXjqcVUFc0V53351V8MaD2CQ6mVNm0NrvKgVvTu5ZjC17YaNg==",
      "license": "MIT"
    }
  }
}
