{
  "name": "geojson2kml-0.1.1",
  "lockfileVersion": 3,
  "requires": true,
  "packages": {
    "": {
      "dependencies": {
        "geojson2kml": "0.1.1"
      }
    },
    "node_modules/geojson2kml": {
      "version": "0.1.1",
      "resolved": "https://registry.npmjs.org/geojson2kml/-/geojson2kml-0.1.1.tgz",
      "integrity": "sha512-uVS++lNGhKB5+mETWCnx5vjeBTGn8pgL1gtT8eh8g0iJ0sctQuBWi5nJ77mD/hr0VkmwPt4hImCDXOy1kBssfA==",
      "license": "MIT"
    }
  }
}
