{
  "name": "heroku-addonpool-0.1.15",
  "lockfileVersion": 3,
  "requires": true,
  "packages": {
    "": {
      "dependencies": {
        "heroku-addonpool": "0.1.15"
      }
    },
    "node_modules/heroku-addonpool": {
      "version": "0.1.15",
      "resolved": "https://registry.npmjs.org/heroku-addonpool/-/heroku-addonpool-0.1.15.tgz",
      "integrity": "sha512-5OiQ5qvgA0sMTCT5hVBriA+WsllSlq090k8HZO3cFBXPLgntfoZIyY1sdPQ7+WYrogprTtdeVv5psddZJhq9zg==",
      "license": "MIT",
      "dependencies": {
        "heroku-clisetup": "^0.1.5",
        "lodash.camelcase": "^4.3.0"
      }
    },
    "node_modules/heroku-clisetup": {
      "version": "0.1.26",
      "resolved": "https://registry.npmjs.org/heroku-clisetup/-/heroku-clisetup-0.1.26.tgz",
      "integrity": "sha512-HmOge3LKHCb+rZWZ1hDTacSsAdwxgy8xfuGcdjakRl55PHbB+QWp9tIri3AFi7U71aptul0A3l98Bq5WRdBheA==",
      "hasInstallScript": true,
      "license": "MIT"
    },
    "node_modules/lodash.camelcase": {
      "version": "4.3.0",
      "resolved": "https://registry.npmjs.org/lodash.camelcase/-/lodash.camelcase-4.3.0.tgz",
      "integrity": "sha512-TwuEnCnxbc3rAvhf/LbG7tJUDzhqXyFnv3dtzLOPgCG/hODL7WFnsbwktkD7yUV0RrreP/l1PALq/YSg6VvjlA==",
      "license": "MIT"
    }
  }
}
