{
  "name": "ffmpeg-sdk-0.0.5",
  "lockfileVersion": 3,
  "requires": true,
  "packages": {
    "": {
      "dependencies": {
        "ffmpeg-sdk": "0.0.5"
      }
    },
    "node_modules/ffmpeg-sdk": {
      "version": "0.0.5",
      "resolved": "https://registry.npmjs.org/ffmpeg-sdk/-/ffmpeg-sdk-0.0.5.tgz",
      "integrity": "sha512-fvrNrgvxq4daNGLB4i5ZAdpmg+Lq7uFaxBOZuaMZGIMr7l7QSWPVNgRaeTGVBpfeDAcblqhPyPEmStom3kKLtw==",
      "license": "ISC"
    }
  }
}
