{
  "name": "ffmpegdotjs-0.0.4",
  "lockfileVersion": 3,
  "requires": true,
  "packages": {
    "": {
      "dependencies": {
        "ffmpegdotjs": "0.0.4"
      }
    },
    "node_modules/ffmpegdotjs": {
      "version": "0.0.4",
      "resolved": "https://registry.npmjs.org/ffmpegdotjs/-/ffmpegdotjs-0.0.4.tgz",
      "integrity": "sha512-XC2bb2DShzjn3ATSeHI9/tf7BqIm//KStWqc25tcfh6+XRO3RiQDS3qVjdgIiUkZJ7g9gI51O8jd63b7FPuxqw==",
      "license": "MIT"
    }
  }
}
