{
  "name": "mysql-2.0.0-alpha4",
  "lockfileVersion": 3,
  "requires": true,
  "packages": {
    "": {
      "dependencies": {
        "mysql": "2.0.0-alpha4"
      }
    },
    "node_modules/mysql": {
      "version": "2.0.0-alpha4",
      "resolved": "https://registry.npmjs.org/mysql/-/mysql-2.0.0-alpha4.tgz",
      "integrity": "sha512-biZGgjlkEs+s7YEhUVmTVvhrJw6/CvzIxl/wdYJgVfJ6In06KV+z8M10MIPzOfiRxppVi+c/QGv3P9Ksmqmytg==",
      "dependencies": {
        "require-all": "0.0.3"
      },
      "engines": {
        "node": "*"
      }
    },
    "node_modules/require-all": {
      "version": "0.0.3",
      "resolved": "https://registry.npmjs.org/require-all/-/require-all-0.0.3.tgz",
      "integrity": "sha512-tLWK4DKX7gBlEfQuhHdwuRIMvohSlkc64tYtjcXlCvCwuK+dNcTu0sTiqx5g2RDChh2wwtof9JiNYiubP0Trwg==",
      "engines": {
        "node": "*"
      }
    }
  }
}
