{
  "name": "eta-1.14.2",
  "lockfileVersion": 3,
  "requires": true,
  "packages": {
    "": {
      "dependencies": {
        "eta": "1.14.2"
      }
    },
    "node_modules/eta": {
      "version": "1.14.2",
      "resolved": "https://registry.npmjs.org/eta/-/eta-1.14.2.tgz",
      "integrity": "sha512-wZmJAV7EFUG5W8XNXSazIdichnWEhGB1OWg4tnXWPj0CPNUcFdgorGNO6N9p6WBUgoUe4P0OziJYn1+6zxP2aQ==",
      "license": "MIT",
      "engines": {
        "node": ">=6.0.0"
      },
      "funding": {
        "url": "https://github.com/eta-dev/eta?sponsor=1"
      }
    }
  }
}
