{
	"name": "giting-0.0.8",
	"lockfileVersion": 3,
	"requires": true,
	"packages": {
		"": {
			"dependencies": {
				"giting": "0.0.8"
			}
		},
		"node_modules/basic": {
			"version": "0.0.3",
			"resolved": "https://registry.npmjs.org/basic/-/basic-0.0.3.tgz",
			"integrity": "sha512-DOZLehhehnsFkdjEdtHy/iX0Kpi5aXf5rb8QrvJDV2vH5DddEETUvGbHDZ6qizGR9Xq+YjntFmbUd//kSHnqIQ==",
			"license": "MIT",
			"engines": {
				"node": ">=0.8"
			}
		},
		"node_modules/debug": {
			"version": "4.1.1",
			"resolved": "https://registry.npmjs.org/debug/-/debug-4.1.1.tgz",
			"integrity": "sha512-pYAIzeRo8J6KPEaJ0VWOh5Pzkbw/RetuzehGM7QRRX5he4fPHx2rdKMB256ehJCkX+XRQm16eZLqLNS8RSZXZw==",
			"deprecated": "Debug versions >=3.2.0 <3.2.7 || >=4 <4.3.1 have a low-severity ReDos regression when used in a Node.js environment. It is recommended you upgrade to 3.2.7 or 4.3.1. (https://github.com/visionmedia/debug/issues/797)",
			"license": "MIT",
			"dependencies": {
				"ms": "^2.1.1"
			}
		},
		"node_modules/duplex-pipe": {
			"version": "0.0.2",
			"resolved": "https://registry.npmjs.org/duplex-pipe/-/duplex-pipe-0.0.2.tgz",
			"integrity": "sha512-abdvgdCVt/LibrvIBLygjb0dMN5cXgV9nJxOQsZZuXQs4KNEX/5T5lkCw9BUcWlZVCPmvtqiNYhkkqTousxOMg==",
			"license": "MIT"
		},
		"node_modules/git-side-band-message": {
			"version": "0.0.3",
			"resolved": "https://registry.npmjs.org/git-side-band-message/-/git-side-band-message-0.0.3.tgz",
			"integrity": "sha512-4Rq4xm1+zqCkmuHxRbGdA5ActF7F4UfgK8uI0B7ZfSkByZfikRuF7mqHlvqmycvqos7jpXNkgsZK7DThLLHG3w==",
			"license": "BSD"
		},
		"node_modules/giting": {
			"version": "0.0.8",
			"resolved": "https://registry.npmjs.org/giting/-/giting-0.0.8.tgz",
			"integrity": "sha512-NHrXrdnfmQa057ElisJywHYucwfRpWL4dEtUQsA9vZwhedfNLzPCXL5DPP0+mRTHZfFa4rtKOjJNwyoTuS4jJg==",
			"license": "MIT",
			"dependencies": {
				"basic": "0.0.3",
				"debug": "4.1.1",
				"mkdirp": "0.5.0",
				"pushover-giting": "0.0.x"
			}
		},
		"node_modules/http-duplex": {
			"version": "0.0.2",
			"resolved": "https://registry.npmjs.org/http-duplex/-/http-duplex-0.0.2.tgz",
			"integrity": "sha512-1s4DBzvdHgjCJBunFpOKpa5AgIgtAxaXwrV1GmVJweGTJKsEgwvpbeCXuGqAgmpj/pElqEadKsMLb5B32FVPfg==",
			"license": "MIT",
			"dependencies": {
				"duplex-pipe": "~0.0.1",
				"inherits": "~1.0.0"
			}
		},
		"node_modules/inherits": {
			"version": "1.0.2",
			"resolved": "https://registry.npmjs.org/inherits/-/inherits-1.0.2.tgz",
			"integrity": "sha512-Al67oatbRSo3RV5hRqIoln6Y5yMVbJSIn4jEJNL7VCImzq/kLr7vvb6sFRJXqr8rpHc/2kJOM+y0sPKN47VdzA=="
		},
		"node_modules/minimist": {
			"version": "0.0.8",
			"resolved": "https://registry.npmjs.org/minimist/-/minimist-0.0.8.tgz",
			"integrity": "sha512-miQKw5Hv4NS1Psg2517mV4e4dYNaO3++hjAvLOAzKqZ61rH8NS1SK+vbfBWZ5PY/Me/bEWhUwqMghEW5Fb9T7Q==",
			"license": "MIT"
		},
		"node_modules/mkdirp": {
			"version": "0.5.0",
			"resolved": "https://registry.npmjs.org/mkdirp/-/mkdirp-0.5.0.tgz",
			"integrity": "sha512-xjjNGy+ry1lhtIKcr2PT6ok3aszhQfgrUDp4OZLHacgRgFmF6XR9XCOJVcXlVGQonIqXcK1DvqgKKQOPWYGSfw==",
			"deprecated": "Legacy versions of mkdirp are no longer supported. Please update to mkdirp 1.x. (Note that the API surface has changed to use Promises in 1.x.)",
			"license": "MIT",
			"dependencies": {
				"minimist": "0.0.8"
			},
			"bin": {
				"mkdirp": "bin/cmd.js"
			}
		},
		"node_modules/ms": {
			"version": "2.1.3",
			"resolved": "https://registry.npmjs.org/ms/-/ms-2.1.3.tgz",
			"integrity": "sha512-6FlzubTLZG3J2a/NVCAleEhjzq5oxgHyaCU9yYXvcLsvoVaHJq/s5xXI6/XXP6tz7R9xAOtHnSO/tXtF3WRTlA==",
			"license": "MIT"
		},
		"node_modules/pushover-giting": {
			"version": "0.0.3",
			"resolved": "https://registry.npmjs.org/pushover-giting/-/pushover-giting-0.0.3.tgz",
			"integrity": "sha512-8pa3frnxpW9VqKfekKmuxEIL7GYmzm6wfA9ocO4r+x+epxdFJXEd3smW7Z3wFNElVqUsltT0R6Z2iazqGO9kgA==",
			"license": "MIT",
			"dependencies": {
				"git-side-band-message": "0.0.3",
				"http-duplex": "~0.0.2",
				"inherits": "^1.0.0",
				"mkdirp": "~0.3.4",
				"through": "~2.2.7"
			},
			"engines": {
				"node": ">=0.4.0"
			}
		},
		"node_modules/pushover-giting/node_modules/mkdirp": {
			"version": "0.3.5",
			"resolved": "https://registry.npmjs.org/mkdirp/-/mkdirp-0.3.5.tgz",
			"integrity": "sha512-8OCq0De/h9ZxseqzCH8Kw/Filf5pF/vMI6+BH7Lu0jXz2pqYCjTAQRolSxRIi+Ax+oCCjlxoJMP0YQ4XlrQNHg==",
			"deprecated": "Legacy versions of mkdirp are no longer supported. Please update to mkdirp 1.x. (Note that the API surface has changed to use Promises in 1.x.)",
			"license": "MIT"
		},
		"node_modules/through": {
			"version": "2.2.7",
			"resolved": "https://registry.npmjs.org/through/-/through-2.2.7.tgz",
			"integrity": "sha512-JIR0m0ybkmTcR8URann+HbwKmodP+OE8UCbsifQDYMLD5J3em1Cdn3MYPpbEd5elGDwmP98T+WbqP/tvzA5Mjg==",
			"license": "MIT"
		}
	}
}
