{
  "name": "p4-0.0.6",
  "lockfileVersion": 3,
  "requires": true,
  "packages": {
    "": {
      "dependencies": {
        "p4": "0.0.6"
      }
    },
    "node_modules/p4": {
      "version": "0.0.6",
      "resolved": "https://registry.npmjs.org/p4/-/p4-0.0.6.tgz",
      "integrity": "sha512-L5fB5+wQlGi4BZIRCsLZAP6izlzuX9jb3OGnlZr63O8g92wb4Ltq/bfeJsnKZIu53LYvQVHWGb5rT8LJ2MBsdA==",
      "license": "MIT"
    }
  }
}
