{
  "name": "node-df-0.1.4",
  "lockfileVersion": 3,
  "requires": true,
  "packages": {
    "": {
      "dependencies": {
        "node-df": "0.1.4"
      }
    },
    "node_modules/node-df": {
      "version": "0.1.4",
      "resolved": "https://registry.npmjs.org/node-df/-/node-df-0.1.4.tgz",
      "integrity": "sha512-9DJSSoyaimvfyGUU5UMEI/uzVBS0N+xkki9B38Usn/N1KldKAbRoAMwTf6hdyqNLwHYYpa2MrOeLt/xYJFcFWw==",
      "license": "MIT",
      "dependencies": {
        "underscore": "^1.6.0"
      }
    },
    "node_modules/underscore": {
      "version": "1.13.8",
      "resolved": "https://registry.npmjs.org/underscore/-/underscore-1.13.8.tgz",
      "integrity": "sha512-DXtD3ZtEQzc7M8m4cXotyHR+FAS18C64asBYY5vqZexfYryNNnDc02W4hKg3rdQuqOYas1jkseX0+nZXjTXnvQ==",
      "license": "MIT"
    }
  }
}
