{
	"name": "node-serialize-0.0.3",
	"lockfileVersion": 3,
	"requires": true,
	"packages": {
		"": {
			"dependencies": {
				"node-serialize": "0.0.3"
			}
		},
		"node_modules/node-serialize": {
			"version": "0.0.3",
			"resolved": "https://registry.npmjs.org/node-serialize/-/node-serialize-0.0.3.tgz",
			"integrity": "sha512-X8woUve1M8xtzfkh3ZiyPRJxLhNesIE82RPlWGXYCBOXSFqGcTlCvCM0WMMN9py424scdo0+iIW2ETISFp6o5Q==",
			"engines": [
				"node >=0.6.0"
			]
		}
	}
}
