{
  "name": "wc-cmd-1.0.9",
  "lockfileVersion": 3,
  "requires": true,
  "packages": {
    "": {
      "dependencies": {
        "wc-cmd": "1.0.9"
      }
    },
    "node_modules/jquery": {
      "version": "2.2.4",
      "resolved": "https://registry.npmjs.org/jquery/-/jquery-2.2.4.tgz",
      "integrity": "sha512-lBHj60ezci2u1v2FqnZIraShGgEXq35qCzMv4lITyHGppTnA13rwR0MgwyNJh9TnDs3aXUvd1xjAotfraMHX/Q==",
      "deprecated": "This version is deprecated. Please upgrade to the latest version or find support at https://www.herodevs.com/support/jquery-nes.",
      "license": "MIT"
    },
    "node_modules/wc-cmd": {
      "version": "1.0.9",
      "resolved": "https://registry.npmjs.org/wc-cmd/-/wc-cmd-1.0.9.tgz",
      "integrity": "sha512-45uKAdus84b3kGI4faYGasIhqSjZWxA/6f271EVWJTJ+sCKpNhQ3iDAPuTkbI2sXTQnzXnRmnEjlsdpzseiXUw==",
      "license": "MIT",
      "dependencies": {
        "jquery": "^2.2.3"
      }
    }
  }
}
