{
	"name": "mongo-parse-2.1.0",
	"lockfileVersion": 3,
	"requires": true,
	"packages": {
		"": {
			"dependencies": {
				"mongo-parse": "2.1.0"
			}
		},
		"node_modules/mongo-parse": {
			"version": "2.1.0",
			"resolved": "https://registry.npmjs.org/mongo-parse/-/mongo-parse-2.1.0.tgz",
			"integrity": "sha512-QmPliJQpAjceKZe/K77FonhHzYIRre3qo9mqnALI8i4Df6FRd/ZJNSNGfrakS5mahpqd4KsRhLqLxv3Q/7g6zg==",
			"license": {
				"name": "MIT",
				"url": "http://www.opensource.org/licenses/mit-license.php"
			}
		}
	}
}
