{
  "name": "gitblame-0.1.1",
  "lockfileVersion": 3,
  "requires": true,
  "packages": {
    "": {
      "dependencies": {
        "gitblame": "0.1.1"
      }
    },
    "node_modules/gitblame": {
      "version": "0.1.1",
      "resolved": "https://registry.npmjs.org/gitblame/-/gitblame-0.1.1.tgz",
      "integrity": "sha512-DqH9zjVfdOgGcerRM48muxHyj0W7kyZiv1Qn72Es/xVX3FItbPuY+xazq6vTd4DzRuKGqGnT1k8XU8zUJ5IUoA==",
      "engines": {
        "node": ">0.2.x"
      }
    }
  }
}
