{
  "name": "cocos-utils-1.0.0",
  "lockfileVersion": 3,
  "requires": true,
  "packages": {
    "": {
      "dependencies": {
        "cocos-utils": "1.0.0"
      }
    },
    "node_modules/cocos-utils": {
      "version": "1.0.0",
      "resolved": "https://registry.npmjs.org/cocos-utils/-/cocos-utils-1.0.0.tgz",
      "integrity": "sha512-lM0XHHKfyfnYHb12+yBjx4nc58M6ltGVYb0DVRwqQtk2OdkPw3qZqz+zSXPeRA5h7WlRb8HpiEgZhV3sYrRmsA==",
      "bin": {
        "cocos": "bin/cocos"
      }
    }
  }
}
